// !$*UTF8*$!
{
	archiveVersion = 1;
	classes = {
	};
	objectVersion = 46;
	objects = {

/* Begin PBXBuildFile section */
		D20617CB1CBC358700B738F8 /* Content.swift in Sources */ = {isa = PBXBuildFile; fileRef = D20617CA1CBC358700B738F8 /* Content.swift */; };
		D20617CC1CBC358700B738F8 /* Content.swift in Sources */ = {isa = PBXBuildFile; fileRef = D20617CA1CBC358700B738F8 /* Content.swift */; };
		D20617CE1CBC364B00B738F8 /* DirectoryContent.swift in Sources */ = {isa = PBXBuildFile; fileRef = D20617CD1CBC364B00B738F8 /* DirectoryContent.swift */; };
		D20617CF1CBC364B00B738F8 /* DirectoryContent.swift in Sources */ = {isa = PBXBuildFile; fileRef = D20617CD1CBC364B00B738F8 /* DirectoryContent.swift */; };
		D20617D11CBC365000B738F8 /* FileContent.swift in Sources */ = {isa = PBXBuildFile; fileRef = D20617D01CBC365000B738F8 /* FileContent.swift */; };
		D20617D21CBC365000B738F8 /* FileContent.swift in Sources */ = {isa = PBXBuildFile; fileRef = D20617D01CBC365000B738F8 /* FileContent.swift */; };
		D20617D41CBC365600B738F8 /* SymlinkContent.swift in Sources */ = {isa = PBXBuildFile; fileRef = D20617D31CBC365600B738F8 /* SymlinkContent.swift */; };
		D20617D51CBC365600B738F8 /* SymlinkContent.swift in Sources */ = {isa = PBXBuildFile; fileRef = D20617D31CBC365600B738F8 /* SymlinkContent.swift */; };
		D20617D71CBC366200B738F8 /* SubmoduleContent.swift in Sources */ = {isa = PBXBuildFile; fileRef = D20617D61CBC366200B738F8 /* SubmoduleContent.swift */; };
		D20617D81CBC366200B738F8 /* SubmoduleContent.swift in Sources */ = {isa = PBXBuildFile; fileRef = D20617D61CBC366200B738F8 /* SubmoduleContent.swift */; };
		D21D1AE11CADBC9100BD068E /* Mockingjay.framework in Frameworks */ = {isa = PBXBuildFile; fileRef = D21D1AE01CADBC9100BD068E /* Mockingjay.framework */; };
		D21D1AE31CADC06E00BD068E /* URITemplate.framework in Frameworks */ = {isa = PBXBuildFile; fileRef = D21D1AE21CADC06E00BD068E /* URITemplate.framework */; };
		D21D1AFD1CADC3BE00BD068E /* Alamofire.framework in Frameworks */ = {isa = PBXBuildFile; fileRef = D21D1AF91CADC3BE00BD068E /* Alamofire.framework */; };
		D21D1AFE1CADC3BE00BD068E /* RxSwift.framework in Frameworks */ = {isa = PBXBuildFile; fileRef = D21D1AFA1CADC3BE00BD068E /* RxSwift.framework */; };
		D21D1AFF1CADC3BE00BD068E /* Sugar.framework in Frameworks */ = {isa = PBXBuildFile; fileRef = D21D1AFB1CADC3BE00BD068E /* Sugar.framework */; };
		D21D1B001CADC3BE00BD068E /* Tailor.framework in Frameworks */ = {isa = PBXBuildFile; fileRef = D21D1AFC1CADC3BE00BD068E /* Tailor.framework */; };
		D21D1B011CADC3C200BD068E /* Alamofire.framework in Frameworks */ = {isa = PBXBuildFile; fileRef = D21D1AF91CADC3BE00BD068E /* Alamofire.framework */; };
		D21D1B021CADC3C400BD068E /* RxSwift.framework in Frameworks */ = {isa = PBXBuildFile; fileRef = D21D1AFA1CADC3BE00BD068E /* RxSwift.framework */; };
		D21D1B031CADC3C600BD068E /* Sugar.framework in Frameworks */ = {isa = PBXBuildFile; fileRef = D21D1AFB1CADC3BE00BD068E /* Sugar.framework */; };
		D21D1B041CADC3C800BD068E /* Tailor.framework in Frameworks */ = {isa = PBXBuildFile; fileRef = D21D1AFC1CADC3BE00BD068E /* Tailor.framework */; };
		D21D1B241CADC5A400BD068E /* Object.swift in Sources */ = {isa = PBXBuildFile; fileRef = D21D1B0B1CADC5A400BD068E /* Object.swift */; };
		D21D1B251CADC5A400BD068E /* Object.swift in Sources */ = {isa = PBXBuildFile; fileRef = D21D1B0B1CADC5A400BD068E /* Object.swift */; };
		D21D1B281CADC5A400BD068E /* Client+Config.swift in Sources */ = {isa = PBXBuildFile; fileRef = D21D1B0E1CADC5A400BD068E /* Client+Config.swift */; };
		D21D1B291CADC5A400BD068E /* Client+Config.swift in Sources */ = {isa = PBXBuildFile; fileRef = D21D1B0E1CADC5A400BD068E /* Client+Config.swift */; };
		D21D1B2A1CADC5A400BD068E /* Error.swift in Sources */ = {isa = PBXBuildFile; fileRef = D21D1B0F1CADC5A400BD068E /* Error.swift */; };
		D21D1B2B1CADC5A400BD068E /* Error.swift in Sources */ = {isa = PBXBuildFile; fileRef = D21D1B0F1CADC5A400BD068E /* Error.swift */; };
		D21D1B2E1CADC5A400BD068E /* Client+Request.swift in Sources */ = {isa = PBXBuildFile; fileRef = D21D1B111CADC5A400BD068E /* Client+Request.swift */; };
		D21D1B2F1CADC5A400BD068E /* Client+Request.swift in Sources */ = {isa = PBXBuildFile; fileRef = D21D1B111CADC5A400BD068E /* Client+Request.swift */; };
		D21D1B301CADC5A400BD068E /* Client.swift in Sources */ = {isa = PBXBuildFile; fileRef = D21D1B121CADC5A400BD068E /* Client.swift */; };
		D21D1B311CADC5A400BD068E /* Client.swift in Sources */ = {isa = PBXBuildFile; fileRef = D21D1B121CADC5A400BD068E /* Client.swift */; };
		D21D1B321CADC5A400BD068E /* RequestDescriptor.swift in Sources */ = {isa = PBXBuildFile; fileRef = D21D1B131CADC5A400BD068E /* RequestDescriptor.swift */; };
		D21D1B331CADC5A400BD068E /* RequestDescriptor.swift in Sources */ = {isa = PBXBuildFile; fileRef = D21D1B131CADC5A400BD068E /* RequestDescriptor.swift */; };
		D21D1B341CADC5A400BD068E /* Entity.swift in Sources */ = {isa = PBXBuildFile; fileRef = D21D1B151CADC5A400BD068E /* Entity.swift */; };
		D21D1B351CADC5A400BD068E /* Entity.swift in Sources */ = {isa = PBXBuildFile; fileRef = D21D1B151CADC5A400BD068E /* Entity.swift */; };
		D21D1B381CADC5A400BD068E /* Plan.swift in Sources */ = {isa = PBXBuildFile; fileRef = D21D1B171CADC5A400BD068E /* Plan.swift */; };
		D21D1B391CADC5A400BD068E /* Plan.swift in Sources */ = {isa = PBXBuildFile; fileRef = D21D1B171CADC5A400BD068E /* Plan.swift */; };
		D21D1B3C1CADC5A400BD068E /* User.swift in Sources */ = {isa = PBXBuildFile; fileRef = D21D1B191CADC5A400BD068E /* User.swift */; };
		D21D1B3D1CADC5A400BD068E /* User.swift in Sources */ = {isa = PBXBuildFile; fileRef = D21D1B191CADC5A400BD068E /* User.swift */; };
		D21D1B3E1CADC5A400BD068E /* Repository.swift in Sources */ = {isa = PBXBuildFile; fileRef = D21D1B1B1CADC5A400BD068E /* Repository.swift */; };
		D21D1B3F1CADC5A400BD068E /* Repository.swift in Sources */ = {isa = PBXBuildFile; fileRef = D21D1B1B1CADC5A400BD068E /* Repository.swift */; };
		D21D1B401CADC5A400BD068E /* Client+Server.swift in Sources */ = {isa = PBXBuildFile; fileRef = D21D1B1D1CADC5A400BD068E /* Client+Server.swift */; };
		D21D1B411CADC5A400BD068E /* Client+Server.swift in Sources */ = {isa = PBXBuildFile; fileRef = D21D1B1D1CADC5A400BD068E /* Client+Server.swift */; };
		D21D1B421CADC5A400BD068E /* Server.swift in Sources */ = {isa = PBXBuildFile; fileRef = D21D1B1E1CADC5A400BD068E /* Server.swift */; };
		D21D1B431CADC5A400BD068E /* Server.swift in Sources */ = {isa = PBXBuildFile; fileRef = D21D1B1E1CADC5A400BD068E /* Server.swift */; };
		D21D1B441CADC5A400BD068E /* ServerMetadata.swift in Sources */ = {isa = PBXBuildFile; fileRef = D21D1B1F1CADC5A400BD068E /* ServerMetadata.swift */; };
		D21D1B451CADC5A400BD068E /* ServerMetadata.swift in Sources */ = {isa = PBXBuildFile; fileRef = D21D1B1F1CADC5A400BD068E /* ServerMetadata.swift */; };
		D21D1B461CADC5A400BD068E /* Transformer.swift in Sources */ = {isa = PBXBuildFile; fileRef = D21D1B231CADC5A400BD068E /* Transformer.swift */; };
		D21D1B471CADC5A400BD068E /* Transformer.swift in Sources */ = {isa = PBXBuildFile; fileRef = D21D1B231CADC5A400BD068E /* Transformer.swift */; };
		D21D1B5F1CADC5CF00BD068E /* ClientSpec.swift in Sources */ = {isa = PBXBuildFile; fileRef = D21D1B491CADC5CF00BD068E /* ClientSpec.swift */; };
		D21D1B601CADC5CF00BD068E /* ClientSpec.swift in Sources */ = {isa = PBXBuildFile; fileRef = D21D1B491CADC5CF00BD068E /* ClientSpec.swift */; };
		D21D1B611CADC5CF00BD068E /* Helper.swift in Sources */ = {isa = PBXBuildFile; fileRef = D21D1B4A1CADC5CF00BD068E /* Helper.swift */; };
		D21D1B621CADC5CF00BD068E /* Helper.swift in Sources */ = {isa = PBXBuildFile; fileRef = D21D1B4A1CADC5CF00BD068E /* Helper.swift */; };
		D21D1B631CADC5CF00BD068E /* access_token.json in Resources */ = {isa = PBXBuildFile; fileRef = D21D1B4C1CADC5CF00BD068E /* access_token.json */; };
		D21D1B641CADC5CF00BD068E /* access_token.json in Resources */ = {isa = PBXBuildFile; fileRef = D21D1B4C1CADC5CF00BD068E /* access_token.json */; };
		D21D1B651CADC5CF00BD068E /* authorizations.json in Resources */ = {isa = PBXBuildFile; fileRef = D21D1B4D1CADC5CF00BD068E /* authorizations.json */; };
		D21D1B661CADC5CF00BD068E /* authorizations.json in Resources */ = {isa = PBXBuildFile; fileRef = D21D1B4D1CADC5CF00BD068E /* authorizations.json */; };
		D21D1B671CADC5CF00BD068E /* authorizations_existing.json in Resources */ = {isa = PBXBuildFile; fileRef = D21D1B4E1CADC5CF00BD068E /* authorizations_existing.json */; };
		D21D1B681CADC5CF00BD068E /* authorizations_existing.json in Resources */ = {isa = PBXBuildFile; fileRef = D21D1B4E1CADC5CF00BD068E /* authorizations_existing.json */; };
		D21D1B691CADC5CF00BD068E /* commit.json in Resources */ = {isa = PBXBuildFile; fileRef = D21D1B4F1CADC5CF00BD068E /* commit.json */; };
		D21D1B6A1CADC5CF00BD068E /* commit.json in Resources */ = {isa = PBXBuildFile; fileRef = D21D1B4F1CADC5CF00BD068E /* commit.json */; };
		D21D1B6B1CADC5CF00BD068E /* content.json in Resources */ = {isa = PBXBuildFile; fileRef = D21D1B501CADC5CF00BD068E /* content.json */; };
		D21D1B6C1CADC5CF00BD068E /* content.json in Resources */ = {isa = PBXBuildFile; fileRef = D21D1B501CADC5CF00BD068E /* content.json */; };
		D21D1B6D1CADC5CF00BD068E /* events.json in Resources */ = {isa = PBXBuildFile; fileRef = D21D1B511CADC5CF00BD068E /* events.json */; };
		D21D1B6E1CADC5CF00BD068E /* events.json in Resources */ = {isa = PBXBuildFile; fileRef = D21D1B511CADC5CF00BD068E /* events.json */; };
		D21D1B6F1CADC5CF00BD068E /* git_commit.json in Resources */ = {isa = PBXBuildFile; fileRef = D21D1B521CADC5CF00BD068E /* git_commit.json */; };
		D21D1B701CADC5CF00BD068E /* git_commit.json in Resources */ = {isa = PBXBuildFile; fileRef = D21D1B521CADC5CF00BD068E /* git_commit.json */; };
		D21D1B711CADC5CF00BD068E /* git_commit_full.json in Resources */ = {isa = PBXBuildFile; fileRef = D21D1B531CADC5CF00BD068E /* git_commit_full.json */; };
		D21D1B721CADC5CF00BD068E /* git_commit_full.json in Resources */ = {isa = PBXBuildFile; fileRef = D21D1B531CADC5CF00BD068E /* git_commit_full.json */; };
		D21D1B731CADC5CF00BD068E /* meta.json in Resources */ = {isa = PBXBuildFile; fileRef = D21D1B541CADC5CF00BD068E /* meta.json */; };
		D21D1B741CADC5CF00BD068E /* meta.json in Resources */ = {isa = PBXBuildFile; fileRef = D21D1B541CADC5CF00BD068E /* meta.json */; };
		D21D1B751CADC5CF00BD068E /* notifications.json in Resources */ = {isa = PBXBuildFile; fileRef = D21D1B551CADC5CF00BD068E /* notifications.json */; };
		D21D1B761CADC5CF00BD068E /* notifications.json in Resources */ = {isa = PBXBuildFile; fileRef = D21D1B551CADC5CF00BD068E /* notifications.json */; };
		D21D1B771CADC5CF00BD068E /* page1.json in Resources */ = {isa = PBXBuildFile; fileRef = D21D1B561CADC5CF00BD068E /* page1.json */; };
		D21D1B781CADC5CF00BD068E /* page1.json in Resources */ = {isa = PBXBuildFile; fileRef = D21D1B561CADC5CF00BD068E /* page1.json */; };
		D21D1B791CADC5CF00BD068E /* page2.json in Resources */ = {isa = PBXBuildFile; fileRef = D21D1B571CADC5CF00BD068E /* page2.json */; };
		D21D1B7A1CADC5CF00BD068E /* page2.json in Resources */ = {isa = PBXBuildFile; fileRef = D21D1B571CADC5CF00BD068E /* page2.json */; };
		D21D1B7B1CADC5CF00BD068E /* page3.json in Resources */ = {isa = PBXBuildFile; fileRef = D21D1B581CADC5CF00BD068E /* page3.json */; };
		D21D1B7C1CADC5CF00BD068E /* page3.json in Resources */ = {isa = PBXBuildFile; fileRef = D21D1B581CADC5CF00BD068E /* page3.json */; };
		D21D1B7D1CADC5CF00BD068E /* rate_limit.json in Resources */ = {isa = PBXBuildFile; fileRef = D21D1B591CADC5CF00BD068E /* rate_limit.json */; };
		D21D1B7E1CADC5CF00BD068E /* rate_limit.json in Resources */ = {isa = PBXBuildFile; fileRef = D21D1B591CADC5CF00BD068E /* rate_limit.json */; };
		D21D1B7F1CADC5CF00BD068E /* ref.json in Resources */ = {isa = PBXBuildFile; fileRef = D21D1B5A1CADC5CF00BD068E /* ref.json */; };
		D21D1B801CADC5CF00BD068E /* ref.json in Resources */ = {isa = PBXBuildFile; fileRef = D21D1B5A1CADC5CF00BD068E /* ref.json */; };
		D21D1B811CADC5CF00BD068E /* repository.json in Resources */ = {isa = PBXBuildFile; fileRef = D21D1B5B1CADC5CF00BD068E /* repository.json */; };
		D21D1B821CADC5CF00BD068E /* repository.json in Resources */ = {isa = PBXBuildFile; fileRef = D21D1B5B1CADC5CF00BD068E /* repository.json */; };
		D21D1B831CADC5CF00BD068E /* tree.json in Resources */ = {isa = PBXBuildFile; fileRef = D21D1B5C1CADC5CF00BD068E /* tree.json */; };
		D21D1B841CADC5CF00BD068E /* tree.json in Resources */ = {isa = PBXBuildFile; fileRef = D21D1B5C1CADC5CF00BD068E /* tree.json */; };
		D21D1B851CADC5CF00BD068E /* user.json in Resources */ = {isa = PBXBuildFile; fileRef = D21D1B5D1CADC5CF00BD068E /* user.json */; };
		D21D1B861CADC5CF00BD068E /* user.json in Resources */ = {isa = PBXBuildFile; fileRef = D21D1B5D1CADC5CF00BD068E /* user.json */; };
		D21D1B871CADC5CF00BD068E /* user_starred.json in Resources */ = {isa = PBXBuildFile; fileRef = D21D1B5E1CADC5CF00BD068E /* user_starred.json */; };
		D21D1B881CADC5CF00BD068E /* user_starred.json in Resources */ = {isa = PBXBuildFile; fileRef = D21D1B5E1CADC5CF00BD068E /* user_starred.json */; };
		D21D1B891CADCFD400BD068E /* Alamofire.framework in Frameworks */ = {isa = PBXBuildFile; fileRef = D21D1AF91CADC3BE00BD068E /* Alamofire.framework */; };
		D21D1B8A1CADCFD600BD068E /* RxSwift.framework in Frameworks */ = {isa = PBXBuildFile; fileRef = D21D1AFA1CADC3BE00BD068E /* RxSwift.framework */; };
		D21D1B8B1CADCFD700BD068E /* Sugar.framework in Frameworks */ = {isa = PBXBuildFile; fileRef = D21D1AFB1CADC3BE00BD068E /* Sugar.framework */; };
		D21D1B8C1CADCFD900BD068E /* Tailor.framework in Frameworks */ = {isa = PBXBuildFile; fileRef = D21D1AFC1CADC3BE00BD068E /* Tailor.framework */; };
		D22723D41CC8054D0093AA53 /* GitCommit.swift in Sources */ = {isa = PBXBuildFile; fileRef = D22723D31CC8054D0093AA53 /* GitCommit.swift */; };
		D22723D51CC8054D0093AA53 /* GitCommit.swift in Sources */ = {isa = PBXBuildFile; fileRef = D22723D31CC8054D0093AA53 /* GitCommit.swift */; };
		D22723D71CC8079D0093AA53 /* GitCommitFile.swift in Sources */ = {isa = PBXBuildFile; fileRef = D22723D61CC8079D0093AA53 /* GitCommitFile.swift */; };
		D22723D81CC8079D0093AA53 /* GitCommitFile.swift in Sources */ = {isa = PBXBuildFile; fileRef = D22723D61CC8079D0093AA53 /* GitCommitFile.swift */; };
		D22723DB1CC80AE10093AA53 /* Client+Search.swift in Sources */ = {isa = PBXBuildFile; fileRef = D22723DA1CC80AE10093AA53 /* Client+Search.swift */; };
		D22723DC1CC80AE10093AA53 /* Client+Search.swift in Sources */ = {isa = PBXBuildFile; fileRef = D22723DA1CC80AE10093AA53 /* Client+Search.swift */; };
		D22723DE1CC80BB10093AA53 /* RepositorySearchResult.swift in Sources */ = {isa = PBXBuildFile; fileRef = D22723DD1CC80BB10093AA53 /* RepositorySearchResult.swift */; };
		D22723DF1CC80BB10093AA53 /* RepositorySearchResult.swift in Sources */ = {isa = PBXBuildFile; fileRef = D22723DD1CC80BB10093AA53 /* RepositorySearchResult.swift */; };
		D22723E51CC80D560093AA53 /* Issue.swift in Sources */ = {isa = PBXBuildFile; fileRef = D22723E41CC80D560093AA53 /* Issue.swift */; };
		D22723E61CC80D560093AA53 /* Issue.swift in Sources */ = {isa = PBXBuildFile; fileRef = D22723E41CC80D560093AA53 /* Issue.swift */; };
		D22723E81CC80D5D0093AA53 /* Client+Issue.swift in Sources */ = {isa = PBXBuildFile; fileRef = D22723E71CC80D5D0093AA53 /* Client+Issue.swift */; };
		D22723E91CC80D5D0093AA53 /* Client+Issue.swift in Sources */ = {isa = PBXBuildFile; fileRef = D22723E71CC80D5D0093AA53 /* Client+Issue.swift */; };
		D22723EC1CC8229F0093AA53 /* Comment.swift in Sources */ = {isa = PBXBuildFile; fileRef = D22723EB1CC8229F0093AA53 /* Comment.swift */; };
		D22723ED1CC8229F0093AA53 /* Comment.swift in Sources */ = {isa = PBXBuildFile; fileRef = D22723EB1CC8229F0093AA53 /* Comment.swift */; };
		D22723EF1CC823BA0093AA53 /* IssueComment.swift in Sources */ = {isa = PBXBuildFile; fileRef = D22723EE1CC823BA0093AA53 /* IssueComment.swift */; };
		D22723F01CC823BA0093AA53 /* IssueComment.swift in Sources */ = {isa = PBXBuildFile; fileRef = D22723EE1CC823BA0093AA53 /* IssueComment.swift */; };
		D22723F21CC824140093AA53 /* PullRequestComment.swift in Sources */ = {isa = PBXBuildFile; fileRef = D22723F11CC824140093AA53 /* PullRequestComment.swift */; };
		D22723F31CC824140093AA53 /* PullRequestComment.swift in Sources */ = {isa = PBXBuildFile; fileRef = D22723F11CC824140093AA53 /* PullRequestComment.swift */; };
		D22723F51CC824390093AA53 /* ReviewComment.swift in Sources */ = {isa = PBXBuildFile; fileRef = D22723F41CC824390093AA53 /* ReviewComment.swift */; };
		D22723F61CC824390093AA53 /* ReviewComment.swift in Sources */ = {isa = PBXBuildFile; fileRef = D22723F41CC824390093AA53 /* ReviewComment.swift */; };
		D22723F81CC8267D0093AA53 /* CommitComment.swift in Sources */ = {isa = PBXBuildFile; fileRef = D22723F71CC8267D0093AA53 /* CommitComment.swift */; };
		D22723F91CC8267D0093AA53 /* CommitComment.swift in Sources */ = {isa = PBXBuildFile; fileRef = D22723F71CC8267D0093AA53 /* CommitComment.swift */; };
		D22723FC1CC827840093AA53 /* Client+Watching.swift in Sources */ = {isa = PBXBuildFile; fileRef = D22723FB1CC827840093AA53 /* Client+Watching.swift */; };
		D22723FD1CC827840093AA53 /* Client+Watching.swift in Sources */ = {isa = PBXBuildFile; fileRef = D22723FB1CC827840093AA53 /* Client+Watching.swift */; };
		D22724011CC828BC0093AA53 /* Organization.swift in Sources */ = {isa = PBXBuildFile; fileRef = D22723FF1CC828BC0093AA53 /* Organization.swift */; };
		D22724021CC828BC0093AA53 /* Organization.swift in Sources */ = {isa = PBXBuildFile; fileRef = D22723FF1CC828BC0093AA53 /* Organization.swift */; };
		D22724031CC828BC0093AA53 /* Team.swift in Sources */ = {isa = PBXBuildFile; fileRef = D22724001CC828BC0093AA53 /* Team.swift */; };
		D22724041CC828BC0093AA53 /* Team.swift in Sources */ = {isa = PBXBuildFile; fileRef = D22724001CC828BC0093AA53 /* Team.swift */; };
		D22724061CC828C50093AA53 /* Client+Organization.swift in Sources */ = {isa = PBXBuildFile; fileRef = D22724051CC828C50093AA53 /* Client+Organization.swift */; };
		D22724071CC828C50093AA53 /* Client+Organization.swift in Sources */ = {isa = PBXBuildFile; fileRef = D22724051CC828C50093AA53 /* Client+Organization.swift */; };
		D227240A1CC82A970093AA53 /* Client+Activity.swift in Sources */ = {isa = PBXBuildFile; fileRef = D22724091CC82A970093AA53 /* Client+Activity.swift */; };
		D227240B1CC82A970093AA53 /* Client+Activity.swift in Sources */ = {isa = PBXBuildFile; fileRef = D22724091CC82A970093AA53 /* Client+Activity.swift */; };
		D24FD85C1CB97A71008C4EEC /* Client+User.swift in Sources */ = {isa = PBXBuildFile; fileRef = D24FD85B1CB97A71008C4EEC /* Client+User.swift */; };
		D24FD85D1CB97A71008C4EEC /* Client+User.swift in Sources */ = {isa = PBXBuildFile; fileRef = D24FD85B1CB97A71008C4EEC /* Client+User.swift */; };
		D24FD85F1CB99C7C008C4EEC /* ServerSpec.swift in Sources */ = {isa = PBXBuildFile; fileRef = D24FD85E1CB99C7C008C4EEC /* ServerSpec.swift */; };
		D24FD8601CB99C7C008C4EEC /* ServerSpec.swift in Sources */ = {isa = PBXBuildFile; fileRef = D24FD85E1CB99C7C008C4EEC /* ServerSpec.swift */; };
		D24FD8621CB9A271008C4EEC /* AuthorizationSpec.swift in Sources */ = {isa = PBXBuildFile; fileRef = D24FD8611CB9A271008C4EEC /* AuthorizationSpec.swift */; };
		D24FD8631CB9A271008C4EEC /* AuthorizationSpec.swift in Sources */ = {isa = PBXBuildFile; fileRef = D24FD8611CB9A271008C4EEC /* AuthorizationSpec.swift */; };
		D24FD8661CBA3323008C4EEC /* Client+ServerSpec.swift in Sources */ = {isa = PBXBuildFile; fileRef = D24FD8651CBA3323008C4EEC /* Client+ServerSpec.swift */; };
		D24FD8671CBA3323008C4EEC /* Client+ServerSpec.swift in Sources */ = {isa = PBXBuildFile; fileRef = D24FD8651CBA3323008C4EEC /* Client+ServerSpec.swift */; };
		D290134A1CAFAD7F00EFADE5 /* Response.swift in Sources */ = {isa = PBXBuildFile; fileRef = D29013491CAFAD7F00EFADE5 /* Response.swift */; };
		D290134B1CAFAD7F00EFADE5 /* Response.swift in Sources */ = {isa = PBXBuildFile; fileRef = D29013491CAFAD7F00EFADE5 /* Response.swift */; };
		D290134E1CAFF9FE00EFADE5 /* Client+Repository.swift in Sources */ = {isa = PBXBuildFile; fileRef = D290134D1CAFF9FE00EFADE5 /* Client+Repository.swift */; };
		D290134F1CAFF9FE00EFADE5 /* Client+Repository.swift in Sources */ = {isa = PBXBuildFile; fileRef = D290134D1CAFF9FE00EFADE5 /* Client+Repository.swift */; };
		D29013511CB0129A00EFADE5 /* ISO8601.framework in Frameworks */ = {isa = PBXBuildFile; fileRef = D29013501CB0129A00EFADE5 /* ISO8601.framework */; };
		D29013531CB012AD00EFADE5 /* ISO8601.framework in Frameworks */ = {isa = PBXBuildFile; fileRef = D29013521CB012AD00EFADE5 /* ISO8601.framework */; };
		D29013541CB012B900EFADE5 /* ISO8601.framework in Frameworks */ = {isa = PBXBuildFile; fileRef = D29013501CB0129A00EFADE5 /* ISO8601.framework */; };
		D29013571CB0137600EFADE5 /* Formatter.swift in Sources */ = {isa = PBXBuildFile; fileRef = D29013561CB0137600EFADE5 /* Formatter.swift */; };
		D29013581CB0137600EFADE5 /* Formatter.swift in Sources */ = {isa = PBXBuildFile; fileRef = D29013561CB0137600EFADE5 /* Formatter.swift */; };
		D290135A1CB0446100EFADE5 /* Client+RequestSpec.swift in Sources */ = {isa = PBXBuildFile; fileRef = D29013591CB0446100EFADE5 /* Client+RequestSpec.swift */; };
		D290135B1CB0446100EFADE5 /* Client+RequestSpec.swift in Sources */ = {isa = PBXBuildFile; fileRef = D29013591CB0446100EFADE5 /* Client+RequestSpec.swift */; };
		D290135D1CB0446C00EFADE5 /* Client+RepositorySpec.swift in Sources */ = {isa = PBXBuildFile; fileRef = D290135C1CB0446C00EFADE5 /* Client+RepositorySpec.swift */; };
		D290135E1CB0446C00EFADE5 /* Client+RepositorySpec.swift in Sources */ = {isa = PBXBuildFile; fileRef = D290135C1CB0446C00EFADE5 /* Client+RepositorySpec.swift */; };
		D29013621CB04A9100EFADE5 /* Client+Constant.swift in Sources */ = {isa = PBXBuildFile; fileRef = D290135F1CB04A3E00EFADE5 /* Client+Constant.swift */; };
		D29013631CB04A9200EFADE5 /* Client+Constant.swift in Sources */ = {isa = PBXBuildFile; fileRef = D290135F1CB04A3E00EFADE5 /* Client+Constant.swift */; };
		D29013651CB04FBE00EFADE5 /* Client+NotificationSpec.swift in Sources */ = {isa = PBXBuildFile; fileRef = D29013641CB04FBE00EFADE5 /* Client+NotificationSpec.swift */; };
		D29013661CB04FBE00EFADE5 /* Client+NotificationSpec.swift in Sources */ = {isa = PBXBuildFile; fileRef = D29013641CB04FBE00EFADE5 /* Client+NotificationSpec.swift */; };
		D29013691CB0507300EFADE5 /* Notification.swift in Sources */ = {isa = PBXBuildFile; fileRef = D29013681CB0507300EFADE5 /* Notification.swift */; };
		D290136A1CB0507300EFADE5 /* Notification.swift in Sources */ = {isa = PBXBuildFile; fileRef = D29013681CB0507300EFADE5 /* Notification.swift */; };
		D290136C1CB0507B00EFADE5 /* Client+Notification.swift in Sources */ = {isa = PBXBuildFile; fileRef = D290136B1CB0507B00EFADE5 /* Client+Notification.swift */; };
		D290136D1CB0507B00EFADE5 /* Client+Notification.swift in Sources */ = {isa = PBXBuildFile; fileRef = D290136B1CB0507B00EFADE5 /* Client+Notification.swift */; };
		D290136F1CB0591300EFADE5 /* String+Extensions.swift in Sources */ = {isa = PBXBuildFile; fileRef = D290136E1CB0591300EFADE5 /* String+Extensions.swift */; };
		D29013701CB0591300EFADE5 /* String+Extensions.swift in Sources */ = {isa = PBXBuildFile; fileRef = D290136E1CB0591300EFADE5 /* String+Extensions.swift */; };
		D29013721CB066FC00EFADE5 /* Password.swift in Sources */ = {isa = PBXBuildFile; fileRef = D29013711CB066FC00EFADE5 /* Password.swift */; };
		D29013731CB066FC00EFADE5 /* Password.swift in Sources */ = {isa = PBXBuildFile; fileRef = D29013711CB066FC00EFADE5 /* Password.swift */; };
		D29013761CB06B3300EFADE5 /* Parser.swift in Sources */ = {isa = PBXBuildFile; fileRef = D29013751CB06B3300EFADE5 /* Parser.swift */; };
		D29013771CB06B3300EFADE5 /* Parser.swift in Sources */ = {isa = PBXBuildFile; fileRef = D29013751CB06B3300EFADE5 /* Parser.swift */; };
		D29013791CB06F6700EFADE5 /* Helper.swift in Sources */ = {isa = PBXBuildFile; fileRef = D29013781CB06F6700EFADE5 /* Helper.swift */; };
		D290137A1CB06F6700EFADE5 /* Helper.swift in Sources */ = {isa = PBXBuildFile; fileRef = D29013781CB06F6700EFADE5 /* Helper.swift */; };
		D290137C1CB0793A00EFADE5 /* FormatterSpec.swift in Sources */ = {isa = PBXBuildFile; fileRef = D290137B1CB0793A00EFADE5 /* FormatterSpec.swift */; };
		D290137D1CB0793A00EFADE5 /* FormatterSpec.swift in Sources */ = {isa = PBXBuildFile; fileRef = D290137B1CB0793A00EFADE5 /* FormatterSpec.swift */; };
		D290137F1CB07D3600EFADE5 /* Client+SignInSpec.swift in Sources */ = {isa = PBXBuildFile; fileRef = D290137E1CB07D3600EFADE5 /* Client+SignInSpec.swift */; };
		D29013801CB07D3600EFADE5 /* Client+SignInSpec.swift in Sources */ = {isa = PBXBuildFile; fileRef = D290137E1CB07D3600EFADE5 /* Client+SignInSpec.swift */; };
		D29013831CB07D7300EFADE5 /* Client+SignIn.swift in Sources */ = {isa = PBXBuildFile; fileRef = D29013821CB07D7300EFADE5 /* Client+SignIn.swift */; };
		D29013841CB07D7300EFADE5 /* Client+SignIn.swift in Sources */ = {isa = PBXBuildFile; fileRef = D29013821CB07D7300EFADE5 /* Client+SignIn.swift */; };
		D29013871CB154D500EFADE5 /* Authorization.swift in Sources */ = {isa = PBXBuildFile; fileRef = D29013861CB154D500EFADE5 /* Authorization.swift */; };
		D29013881CB154D500EFADE5 /* Authorization.swift in Sources */ = {isa = PBXBuildFile; fileRef = D29013861CB154D500EFADE5 /* Authorization.swift */; };
		D290138A1CB154DC00EFADE5 /* AccessToken.swift in Sources */ = {isa = PBXBuildFile; fileRef = D29013891CB154DC00EFADE5 /* AccessToken.swift */; };
		D290138B1CB154DC00EFADE5 /* AccessToken.swift in Sources */ = {isa = PBXBuildFile; fileRef = D29013891CB154DC00EFADE5 /* AccessToken.swift */; };
		D290138D1CB158E600EFADE5 /* AuthorizationScopes.swift in Sources */ = {isa = PBXBuildFile; fileRef = D290138C1CB158E600EFADE5 /* AuthorizationScopes.swift */; };
		D290138E1CB158E600EFADE5 /* AuthorizationScopes.swift in Sources */ = {isa = PBXBuildFile; fileRef = D290138C1CB158E600EFADE5 /* AuthorizationScopes.swift */; };
		D29013901CB159B100EFADE5 /* OptionSetType+Extensions.swift in Sources */ = {isa = PBXBuildFile; fileRef = D290138F1CB159B100EFADE5 /* OptionSetType+Extensions.swift */; };
		D29013911CB159B100EFADE5 /* OptionSetType+Extensions.swift in Sources */ = {isa = PBXBuildFile; fileRef = D290138F1CB159B100EFADE5 /* OptionSetType+Extensions.swift */; };
		D29013931CB1965800EFADE5 /* Dictionary+Extensions.swift in Sources */ = {isa = PBXBuildFile; fileRef = D29013921CB1965800EFADE5 /* Dictionary+Extensions.swift */; };
		D29013941CB1965800EFADE5 /* Dictionary+Extensions.swift in Sources */ = {isa = PBXBuildFile; fileRef = D29013921CB1965800EFADE5 /* Dictionary+Extensions.swift */; };
		D2A0650F1CB85D55005A0AC7 /* NSURL+Extensions.swift in Sources */ = {isa = PBXBuildFile; fileRef = D2A0650E1CB85D55005A0AC7 /* NSURL+Extensions.swift */; };
		D2A065101CB85D55005A0AC7 /* NSURL+Extensions.swift in Sources */ = {isa = PBXBuildFile; fileRef = D2A0650E1CB85D55005A0AC7 /* NSURL+Extensions.swift */; };
		D2A065181CB868FB005A0AC7 /* URLOpener.swift in Sources */ = {isa = PBXBuildFile; fileRef = D2A065171CB868FB005A0AC7 /* URLOpener.swift */; };
		D2A065191CB868FB005A0AC7 /* URLOpener.swift in Sources */ = {isa = PBXBuildFile; fileRef = D2A065171CB868FB005A0AC7 /* URLOpener.swift */; };
		D2A0651B1CB8698E005A0AC7 /* TestURLOpener.swift in Sources */ = {isa = PBXBuildFile; fileRef = D2A0651A1CB8698E005A0AC7 /* TestURLOpener.swift */; };
		D2A0651C1CB8698E005A0AC7 /* TestURLOpener.swift in Sources */ = {isa = PBXBuildFile; fileRef = D2A0651A1CB8698E005A0AC7 /* TestURLOpener.swift */; };
		D2BABA371CC6D1DD00245C3D /* UserSpec.swift in Sources */ = {isa = PBXBuildFile; fileRef = D2BABA361CC6D1DD00245C3D /* UserSpec.swift */; };
		D2BABA381CC6D1DD00245C3D /* UserSpec.swift in Sources */ = {isa = PBXBuildFile; fileRef = D2BABA361CC6D1DD00245C3D /* UserSpec.swift */; };
		D2BABA3A1CC6DF2100245C3D /* Branch.swift in Sources */ = {isa = PBXBuildFile; fileRef = D2BABA391CC6DF2100245C3D /* Branch.swift */; };
		D2BABA3B1CC6DF2100245C3D /* Branch.swift in Sources */ = {isa = PBXBuildFile; fileRef = D2BABA391CC6DF2100245C3D /* Branch.swift */; };
		D2BABA3E1CC6DF3D00245C3D /* PullRequest.swift in Sources */ = {isa = PBXBuildFile; fileRef = D2BABA3D1CC6DF3D00245C3D /* PullRequest.swift */; };
		D2BABA3F1CC6DF3D00245C3D /* PullRequest.swift in Sources */ = {isa = PBXBuildFile; fileRef = D2BABA3D1CC6DF3D00245C3D /* PullRequest.swift */; };
		D2F182FF1CC6D11700F10478 /* standard_user.json in Resources */ = {isa = PBXBuildFile; fileRef = D2F182FE1CC6D11700F10478 /* standard_user.json */; };
		D2F183001CC6D11700F10478 /* standard_user.json in Resources */ = {isa = PBXBuildFile; fileRef = D2F182FE1CC6D11700F10478 /* standard_user.json */; };
		D2F183021CC6D12600F10478 /* enterprise_user.json in Resources */ = {isa = PBXBuildFile; fileRef = D2F183011CC6D12600F10478 /* enterprise_user.json */; };
		D2F183031CC6D12600F10478 /* enterprise_user.json in Resources */ = {isa = PBXBuildFile; fileRef = D2F183011CC6D12600F10478 /* enterprise_user.json */; };
		D2F473EC1CBC1E5B00057D9C /* ResponseSpec.swift in Sources */ = {isa = PBXBuildFile; fileRef = D2F473EB1CBC1E5B00057D9C /* ResponseSpec.swift */; };
		D2F473ED1CBC1E5B00057D9C /* ResponseSpec.swift in Sources */ = {isa = PBXBuildFile; fileRef = D2F473EB1CBC1E5B00057D9C /* ResponseSpec.swift */; };
		D2F473EF1CBC221D00057D9C /* OrganizationSpec.swift in Sources */ = {isa = PBXBuildFile; fileRef = D2F473EE1CBC221D00057D9C /* OrganizationSpec.swift */; };
		D2F473F01CBC221D00057D9C /* OrganizationSpec.swift in Sources */ = {isa = PBXBuildFile; fileRef = D2F473EE1CBC221D00057D9C /* OrganizationSpec.swift */; };
		D2F473F41CBC294E00057D9C /* RespositorySpec.swift in Sources */ = {isa = PBXBuildFile; fileRef = D2F473F11CBC24D700057D9C /* RespositorySpec.swift */; };
		D2F473F51CBC294F00057D9C /* RespositorySpec.swift in Sources */ = {isa = PBXBuildFile; fileRef = D2F473F11CBC24D700057D9C /* RespositorySpec.swift */; };
		D2F473F71CBC2FFF00057D9C /* repository1.json in Resources */ = {isa = PBXBuildFile; fileRef = D2F473F61CBC2FFF00057D9C /* repository1.json */; };
		D2F473F81CBC2FFF00057D9C /* repository1.json in Resources */ = {isa = PBXBuildFile; fileRef = D2F473F61CBC2FFF00057D9C /* repository1.json */; };
		D5B2E8AA1C3A780C00C0327D /* GithubSwift.framework in Frameworks */ = {isa = PBXBuildFile; fileRef = D5B2E89F1C3A780C00C0327D /* GithubSwift.framework */; };
		D5C6294A1C3A7FAA007F7B7C /* GithubSwift.framework in Frameworks */ = {isa = PBXBuildFile; fileRef = D5C629401C3A7FAA007F7B7C /* GithubSwift.framework */; };
		D5C629771C3A878E007F7B7C /* Quick.framework in Frameworks */ = {isa = PBXBuildFile; fileRef = D5C629751C3A878E007F7B7C /* Quick.framework */; };
		D5C629781C3A878E007F7B7C /* Nimble.framework in Frameworks */ = {isa = PBXBuildFile; fileRef = D5C629761C3A878E007F7B7C /* Nimble.framework */; };
/* End PBXBuildFile section */

/* Begin PBXContainerItemProxy section */
		D5B2E8AB1C3A780C00C0327D /* PBXContainerItemProxy */ = {
			isa = PBXContainerItemProxy;
			containerPortal = D5B2E8961C3A780C00C0327D /* Project object */;
			proxyType = 1;
			remoteGlobalIDString = D5B2E89E1C3A780C00C0327D;
			remoteInfo = GithubSwift;
		};
		D5C6294B1C3A7FAA007F7B7C /* PBXContainerItemProxy */ = {
			isa = PBXContainerItemProxy;
			containerPortal = D5B2E8961C3A780C00C0327D /* Project object */;
			proxyType = 1;
			remoteGlobalIDString = D5C6293F1C3A7FAA007F7B7C;
			remoteInfo = "GithubSwift-Mac";
		};
/* End PBXContainerItemProxy section */

/* Begin PBXFileReference section */
		D20617CA1CBC358700B738F8 /* Content.swift */ = {isa = PBXFileReference; fileEncoding = 4; lastKnownFileType = sourcecode.swift; path = Content.swift; sourceTree = "<group>"; };
		D20617CD1CBC364B00B738F8 /* DirectoryContent.swift */ = {isa = PBXFileReference; fileEncoding = 4; lastKnownFileType = sourcecode.swift; path = DirectoryContent.swift; sourceTree = "<group>"; };
		D20617D01CBC365000B738F8 /* FileContent.swift */ = {isa = PBXFileReference; fileEncoding = 4; lastKnownFileType = sourcecode.swift; path = FileContent.swift; sourceTree = "<group>"; };
		D20617D31CBC365600B738F8 /* SymlinkContent.swift */ = {isa = PBXFileReference; fileEncoding = 4; lastKnownFileType = sourcecode.swift; path = SymlinkContent.swift; sourceTree = "<group>"; };
		D20617D61CBC366200B738F8 /* SubmoduleContent.swift */ = {isa = PBXFileReference; fileEncoding = 4; lastKnownFileType = sourcecode.swift; path = SubmoduleContent.swift; sourceTree = "<group>"; };
		D21D1AE01CADBC9100BD068E /* Mockingjay.framework */ = {isa = PBXFileReference; lastKnownFileType = wrapper.framework; name = Mockingjay.framework; path = Carthage/Build/iOS/Mockingjay.framework; sourceTree = "<group>"; };
		D21D1AE21CADC06E00BD068E /* URITemplate.framework */ = {isa = PBXFileReference; lastKnownFileType = wrapper.framework; name = URITemplate.framework; path = Carthage/Build/iOS/URITemplate.framework; sourceTree = "<group>"; };
		D21D1AF91CADC3BE00BD068E /* Alamofire.framework */ = {isa = PBXFileReference; lastKnownFileType = wrapper.framework; name = Alamofire.framework; path = Carthage/Build/iOS/Alamofire.framework; sourceTree = "<group>"; };
		D21D1AFA1CADC3BE00BD068E /* RxSwift.framework */ = {isa = PBXFileReference; lastKnownFileType = wrapper.framework; name = RxSwift.framework; path = Carthage/Build/iOS/RxSwift.framework; sourceTree = "<group>"; };
		D21D1AFB1CADC3BE00BD068E /* Sugar.framework */ = {isa = PBXFileReference; lastKnownFileType = wrapper.framework; name = Sugar.framework; path = Carthage/Build/iOS/Sugar.framework; sourceTree = "<group>"; };
		D21D1AFC1CADC3BE00BD068E /* Tailor.framework */ = {isa = PBXFileReference; lastKnownFileType = wrapper.framework; name = Tailor.framework; path = Carthage/Build/iOS/Tailor.framework; sourceTree = "<group>"; };
		D21D1B0B1CADC5A400BD068E /* Object.swift */ = {isa = PBXFileReference; fileEncoding = 4; lastKnownFileType = sourcecode.swift; path = Object.swift; sourceTree = "<group>"; };
		D21D1B0E1CADC5A400BD068E /* Client+Config.swift */ = {isa = PBXFileReference; fileEncoding = 4; lastKnownFileType = sourcecode.swift; path = "Client+Config.swift"; sourceTree = "<group>"; };
		D21D1B0F1CADC5A400BD068E /* Error.swift */ = {isa = PBXFileReference; fileEncoding = 4; lastKnownFileType = sourcecode.swift; path = Error.swift; sourceTree = "<group>"; };
		D21D1B111CADC5A400BD068E /* Client+Request.swift */ = {isa = PBXFileReference; fileEncoding = 4; lastKnownFileType = sourcecode.swift; path = "Client+Request.swift"; sourceTree = "<group>"; };
		D21D1B121CADC5A400BD068E /* Client.swift */ = {isa = PBXFileReference; fileEncoding = 4; lastKnownFileType = sourcecode.swift; path = Client.swift; sourceTree = "<group>"; };
		D21D1B131CADC5A400BD068E /* RequestDescriptor.swift */ = {isa = PBXFileReference; fileEncoding = 4; lastKnownFileType = sourcecode.swift; path = RequestDescriptor.swift; sourceTree = "<group>"; };
		D21D1B151CADC5A400BD068E /* Entity.swift */ = {isa = PBXFileReference; fileEncoding = 4; lastKnownFileType = sourcecode.swift; path = Entity.swift; sourceTree = "<group>"; };
		D21D1B171CADC5A400BD068E /* Plan.swift */ = {isa = PBXFileReference; fileEncoding = 4; lastKnownFileType = sourcecode.swift; path = Plan.swift; sourceTree = "<group>"; };
		D21D1B191CADC5A400BD068E /* User.swift */ = {isa = PBXFileReference; fileEncoding = 4; lastKnownFileType = sourcecode.swift; path = User.swift; sourceTree = "<group>"; };
		D21D1B1B1CADC5A400BD068E /* Repository.swift */ = {isa = PBXFileReference; fileEncoding = 4; lastKnownFileType = sourcecode.swift; path = Repository.swift; sourceTree = "<group>"; };
		D21D1B1D1CADC5A400BD068E /* Client+Server.swift */ = {isa = PBXFileReference; fileEncoding = 4; lastKnownFileType = sourcecode.swift; path = "Client+Server.swift"; sourceTree = "<group>"; };
		D21D1B1E1CADC5A400BD068E /* Server.swift */ = {isa = PBXFileReference; fileEncoding = 4; lastKnownFileType = sourcecode.swift; path = Server.swift; sourceTree = "<group>"; };
		D21D1B1F1CADC5A400BD068E /* ServerMetadata.swift */ = {isa = PBXFileReference; fileEncoding = 4; lastKnownFileType = sourcecode.swift; path = ServerMetadata.swift; sourceTree = "<group>"; };
		D21D1B231CADC5A400BD068E /* Transformer.swift */ = {isa = PBXFileReference; fileEncoding = 4; lastKnownFileType = sourcecode.swift; path = Transformer.swift; sourceTree = "<group>"; };
		D21D1B491CADC5CF00BD068E /* ClientSpec.swift */ = {isa = PBXFileReference; fileEncoding = 4; lastKnownFileType = sourcecode.swift; path = ClientSpec.swift; sourceTree = "<group>"; };
		D21D1B4A1CADC5CF00BD068E /* Helper.swift */ = {isa = PBXFileReference; fileEncoding = 4; lastKnownFileType = sourcecode.swift; path = Helper.swift; sourceTree = "<group>"; };
		D21D1B4C1CADC5CF00BD068E /* access_token.json */ = {isa = PBXFileReference; fileEncoding = 4; lastKnownFileType = text.json; path = access_token.json; sourceTree = "<group>"; };
		D21D1B4D1CADC5CF00BD068E /* authorizations.json */ = {isa = PBXFileReference; fileEncoding = 4; lastKnownFileType = text.json; path = authorizations.json; sourceTree = "<group>"; };
		D21D1B4E1CADC5CF00BD068E /* authorizations_existing.json */ = {isa = PBXFileReference; fileEncoding = 4; lastKnownFileType = text.json; path = authorizations_existing.json; sourceTree = "<group>"; };
		D21D1B4F1CADC5CF00BD068E /* commit.json */ = {isa = PBXFileReference; fileEncoding = 4; lastKnownFileType = text.json; path = commit.json; sourceTree = "<group>"; };
		D21D1B501CADC5CF00BD068E /* content.json */ = {isa = PBXFileReference; fileEncoding = 4; lastKnownFileType = text.json; path = content.json; sourceTree = "<group>"; };
		D21D1B511CADC5CF00BD068E /* events.json */ = {isa = PBXFileReference; fileEncoding = 4; lastKnownFileType = text.json; path = events.json; sourceTree = "<group>"; };
		D21D1B521CADC5CF00BD068E /* git_commit.json */ = {isa = PBXFileReference; fileEncoding = 4; lastKnownFileType = text.json; path = git_commit.json; sourceTree = "<group>"; };
		D21D1B531CADC5CF00BD068E /* git_commit_full.json */ = {isa = PBXFileReference; fileEncoding = 4; lastKnownFileType = text.json; path = git_commit_full.json; sourceTree = "<group>"; };
		D21D1B541CADC5CF00BD068E /* meta.json */ = {isa = PBXFileReference; fileEncoding = 4; lastKnownFileType = text.json; path = meta.json; sourceTree = "<group>"; };
		D21D1B551CADC5CF00BD068E /* notifications.json */ = {isa = PBXFileReference; fileEncoding = 4; lastKnownFileType = text.json; path = notifications.json; sourceTree = "<group>"; };
		D21D1B561CADC5CF00BD068E /* page1.json */ = {isa = PBXFileReference; fileEncoding = 4; lastKnownFileType = text.json; path = page1.json; sourceTree = "<group>"; };
		D21D1B571CADC5CF00BD068E /* page2.json */ = {isa = PBXFileReference; fileEncoding = 4; lastKnownFileType = text.json; path = page2.json; sourceTree = "<group>"; };
		D21D1B581CADC5CF00BD068E /* page3.json */ = {isa = PBXFileReference; fileEncoding = 4; lastKnownFileType = text.json; path = page3.json; sourceTree = "<group>"; };
		D21D1B591CADC5CF00BD068E /* rate_limit.json */ = {isa = PBXFileReference; fileEncoding = 4; lastKnownFileType = text.json; path = rate_limit.json; sourceTree = "<group>"; };
		D21D1B5A1CADC5CF00BD068E /* ref.json */ = {isa = PBXFileReference; fileEncoding = 4; lastKnownFileType = text.json; path = ref.json; sourceTree = "<group>"; };
		D21D1B5B1CADC5CF00BD068E /* repository.json */ = {isa = PBXFileReference; fileEncoding = 4; lastKnownFileType = text.json; path = repository.json; sourceTree = "<group>"; };
		D21D1B5C1CADC5CF00BD068E /* tree.json */ = {isa = PBXFileReference; fileEncoding = 4; lastKnownFileType = text.json; path = tree.json; sourceTree = "<group>"; };
		D21D1B5D1CADC5CF00BD068E /* user.json */ = {isa = PBXFileReference; fileEncoding = 4; lastKnownFileType = text.json; path = user.json; sourceTree = "<group>"; };
		D21D1B5E1CADC5CF00BD068E /* user_starred.json */ = {isa = PBXFileReference; fileEncoding = 4; lastKnownFileType = text.json; path = user_starred.json; sourceTree = "<group>"; };
		D22723D31CC8054D0093AA53 /* GitCommit.swift */ = {isa = PBXFileReference; fileEncoding = 4; lastKnownFileType = sourcecode.swift; path = GitCommit.swift; sourceTree = "<group>"; };
		D22723D61CC8079D0093AA53 /* GitCommitFile.swift */ = {isa = PBXFileReference; fileEncoding = 4; lastKnownFileType = sourcecode.swift; path = GitCommitFile.swift; sourceTree = "<group>"; };
		D22723DA1CC80AE10093AA53 /* Client+Search.swift */ = {isa = PBXFileReference; fileEncoding = 4; lastKnownFileType = sourcecode.swift; path = "Client+Search.swift"; sourceTree = "<group>"; };
		D22723DD1CC80BB10093AA53 /* RepositorySearchResult.swift */ = {isa = PBXFileReference; fileEncoding = 4; lastKnownFileType = sourcecode.swift; path = RepositorySearchResult.swift; sourceTree = "<group>"; };
		D22723E41CC80D560093AA53 /* Issue.swift */ = {isa = PBXFileReference; fileEncoding = 4; lastKnownFileType = sourcecode.swift; path = Issue.swift; sourceTree = "<group>"; };
		D22723E71CC80D5D0093AA53 /* Client+Issue.swift */ = {isa = PBXFileReference; fileEncoding = 4; lastKnownFileType = sourcecode.swift; path = "Client+Issue.swift"; sourceTree = "<group>"; };
		D22723EB1CC8229F0093AA53 /* Comment.swift */ = {isa = PBXFileReference; fileEncoding = 4; lastKnownFileType = sourcecode.swift; path = Comment.swift; sourceTree = "<group>"; };
		D22723EE1CC823BA0093AA53 /* IssueComment.swift */ = {isa = PBXFileReference; fileEncoding = 4; lastKnownFileType = sourcecode.swift; path = IssueComment.swift; sourceTree = "<group>"; };
		D22723F11CC824140093AA53 /* PullRequestComment.swift */ = {isa = PBXFileReference; fileEncoding = 4; lastKnownFileType = sourcecode.swift; path = PullRequestComment.swift; sourceTree = "<group>"; };
		D22723F41CC824390093AA53 /* ReviewComment.swift */ = {isa = PBXFileReference; fileEncoding = 4; lastKnownFileType = sourcecode.swift; path = ReviewComment.swift; sourceTree = "<group>"; };
		D22723F71CC8267D0093AA53 /* CommitComment.swift */ = {isa = PBXFileReference; fileEncoding = 4; lastKnownFileType = sourcecode.swift; path = CommitComment.swift; sourceTree = "<group>"; };
		D22723FB1CC827840093AA53 /* Client+Watching.swift */ = {isa = PBXFileReference; fileEncoding = 4; lastKnownFileType = sourcecode.swift; path = "Client+Watching.swift"; sourceTree = "<group>"; };
		D22723FF1CC828BC0093AA53 /* Organization.swift */ = {isa = PBXFileReference; fileEncoding = 4; lastKnownFileType = sourcecode.swift; path = Organization.swift; sourceTree = "<group>"; };
		D22724001CC828BC0093AA53 /* Team.swift */ = {isa = PBXFileReference; fileEncoding = 4; lastKnownFileType = sourcecode.swift; path = Team.swift; sourceTree = "<group>"; };
		D22724051CC828C50093AA53 /* Client+Organization.swift */ = {isa = PBXFileReference; fileEncoding = 4; lastKnownFileType = sourcecode.swift; path = "Client+Organization.swift"; sourceTree = "<group>"; };
		D22724091CC82A970093AA53 /* Client+Activity.swift */ = {isa = PBXFileReference; fileEncoding = 4; lastKnownFileType = sourcecode.swift; path = "Client+Activity.swift"; sourceTree = "<group>"; };
		D24FD85B1CB97A71008C4EEC /* Client+User.swift */ = {isa = PBXFileReference; fileEncoding = 4; lastKnownFileType = sourcecode.swift; path = "Client+User.swift"; sourceTree = "<group>"; };
		D24FD85E1CB99C7C008C4EEC /* ServerSpec.swift */ = {isa = PBXFileReference; fileEncoding = 4; lastKnownFileType = sourcecode.swift; path = ServerSpec.swift; sourceTree = "<group>"; };
		D24FD8611CB9A271008C4EEC /* AuthorizationSpec.swift */ = {isa = PBXFileReference; fileEncoding = 4; lastKnownFileType = sourcecode.swift; path = AuthorizationSpec.swift; sourceTree = "<group>"; };
		D24FD8651CBA3323008C4EEC /* Client+ServerSpec.swift */ = {isa = PBXFileReference; fileEncoding = 4; lastKnownFileType = sourcecode.swift; path = "Client+ServerSpec.swift"; sourceTree = "<group>"; };
		D29013491CAFAD7F00EFADE5 /* Response.swift */ = {isa = PBXFileReference; fileEncoding = 4; lastKnownFileType = sourcecode.swift; path = Response.swift; sourceTree = "<group>"; };
		D290134D1CAFF9FE00EFADE5 /* Client+Repository.swift */ = {isa = PBXFileReference; fileEncoding = 4; lastKnownFileType = sourcecode.swift; path = "Client+Repository.swift"; sourceTree = "<group>"; };
		D29013501CB0129A00EFADE5 /* ISO8601.framework */ = {isa = PBXFileReference; lastKnownFileType = wrapper.framework; name = ISO8601.framework; path = Carthage/Build/iOS/ISO8601.framework; sourceTree = "<group>"; };
		D29013521CB012AD00EFADE5 /* ISO8601.framework */ = {isa = PBXFileReference; lastKnownFileType = wrapper.framework; name = ISO8601.framework; path = Carthage/Build/Mac/ISO8601.framework; sourceTree = "<group>"; };
		D29013561CB0137600EFADE5 /* Formatter.swift */ = {isa = PBXFileReference; fileEncoding = 4; lastKnownFileType = sourcecode.swift; path = Formatter.swift; sourceTree = "<group>"; };
		D29013591CB0446100EFADE5 /* Client+RequestSpec.swift */ = {isa = PBXFileReference; fileEncoding = 4; lastKnownFileType = sourcecode.swift; path = "Client+RequestSpec.swift"; sourceTree = "<group>"; };
		D290135C1CB0446C00EFADE5 /* Client+RepositorySpec.swift */ = {isa = PBXFileReference; fileEncoding = 4; lastKnownFileType = sourcecode.swift; path = "Client+RepositorySpec.swift"; sourceTree = "<group>"; };
		D290135F1CB04A3E00EFADE5 /* Client+Constant.swift */ = {isa = PBXFileReference; fileEncoding = 4; lastKnownFileType = sourcecode.swift; path = "Client+Constant.swift"; sourceTree = "<group>"; };
		D29013641CB04FBE00EFADE5 /* Client+NotificationSpec.swift */ = {isa = PBXFileReference; fileEncoding = 4; lastKnownFileType = sourcecode.swift; path = "Client+NotificationSpec.swift"; sourceTree = "<group>"; };
		D29013681CB0507300EFADE5 /* Notification.swift */ = {isa = PBXFileReference; fileEncoding = 4; lastKnownFileType = sourcecode.swift; path = Notification.swift; sourceTree = "<group>"; };
		D290136B1CB0507B00EFADE5 /* Client+Notification.swift */ = {isa = PBXFileReference; fileEncoding = 4; lastKnownFileType = sourcecode.swift; path = "Client+Notification.swift"; sourceTree = "<group>"; };
		D290136E1CB0591300EFADE5 /* String+Extensions.swift */ = {isa = PBXFileReference; fileEncoding = 4; lastKnownFileType = sourcecode.swift; path = "String+Extensions.swift"; sourceTree = "<group>"; };
		D29013711CB066FC00EFADE5 /* Password.swift */ = {isa = PBXFileReference; fileEncoding = 4; lastKnownFileType = sourcecode.swift; path = Password.swift; sourceTree = "<group>"; };
		D29013751CB06B3300EFADE5 /* Parser.swift */ = {isa = PBXFileReference; fileEncoding = 4; lastKnownFileType = sourcecode.swift; path = Parser.swift; sourceTree = "<group>"; };
		D29013781CB06F6700EFADE5 /* Helper.swift */ = {isa = PBXFileReference; fileEncoding = 4; lastKnownFileType = sourcecode.swift; path = Helper.swift; sourceTree = "<group>"; };
		D290137B1CB0793A00EFADE5 /* FormatterSpec.swift */ = {isa = PBXFileReference; fileEncoding = 4; lastKnownFileType = sourcecode.swift; path = FormatterSpec.swift; sourceTree = "<group>"; };
		D290137E1CB07D3600EFADE5 /* Client+SignInSpec.swift */ = {isa = PBXFileReference; fileEncoding = 4; lastKnownFileType = sourcecode.swift; path = "Client+SignInSpec.swift"; sourceTree = "<group>"; };
		D29013821CB07D7300EFADE5 /* Client+SignIn.swift */ = {isa = PBXFileReference; fileEncoding = 4; lastKnownFileType = sourcecode.swift; path = "Client+SignIn.swift"; sourceTree = "<group>"; };
		D29013861CB154D500EFADE5 /* Authorization.swift */ = {isa = PBXFileReference; fileEncoding = 4; lastKnownFileType = sourcecode.swift; path = Authorization.swift; sourceTree = "<group>"; };
		D29013891CB154DC00EFADE5 /* AccessToken.swift */ = {isa = PBXFileReference; fileEncoding = 4; lastKnownFileType = sourcecode.swift; path = AccessToken.swift; sourceTree = "<group>"; };
		D290138C1CB158E600EFADE5 /* AuthorizationScopes.swift */ = {isa = PBXFileReference; fileEncoding = 4; lastKnownFileType = sourcecode.swift; path = AuthorizationScopes.swift; sourceTree = "<group>"; };
		D290138F1CB159B100EFADE5 /* OptionSetType+Extensions.swift */ = {isa = PBXFileReference; fileEncoding = 4; lastKnownFileType = sourcecode.swift; path = "OptionSetType+Extensions.swift"; sourceTree = "<group>"; };
		D29013921CB1965800EFADE5 /* Dictionary+Extensions.swift */ = {isa = PBXFileReference; fileEncoding = 4; lastKnownFileType = sourcecode.swift; path = "Dictionary+Extensions.swift"; sourceTree = "<group>"; };
		D2A0650E1CB85D55005A0AC7 /* NSURL+Extensions.swift */ = {isa = PBXFileReference; fileEncoding = 4; lastKnownFileType = sourcecode.swift; path = "NSURL+Extensions.swift"; sourceTree = "<group>"; };
		D2A065171CB868FB005A0AC7 /* URLOpener.swift */ = {isa = PBXFileReference; fileEncoding = 4; lastKnownFileType = sourcecode.swift; path = URLOpener.swift; sourceTree = "<group>"; };
		D2A0651A1CB8698E005A0AC7 /* TestURLOpener.swift */ = {isa = PBXFileReference; fileEncoding = 4; lastKnownFileType = sourcecode.swift; path = TestURLOpener.swift; sourceTree = "<group>"; };
		D2BABA361CC6D1DD00245C3D /* UserSpec.swift */ = {isa = PBXFileReference; fileEncoding = 4; lastKnownFileType = sourcecode.swift; path = UserSpec.swift; sourceTree = "<group>"; };
		D2BABA391CC6DF2100245C3D /* Branch.swift */ = {isa = PBXFileReference; fileEncoding = 4; lastKnownFileType = sourcecode.swift; path = Branch.swift; sourceTree = "<group>"; };
		D2BABA3D1CC6DF3D00245C3D /* PullRequest.swift */ = {isa = PBXFileReference; fileEncoding = 4; lastKnownFileType = sourcecode.swift; path = PullRequest.swift; sourceTree = "<group>"; };
		D2F182FE1CC6D11700F10478 /* standard_user.json */ = {isa = PBXFileReference; fileEncoding = 4; lastKnownFileType = text.json; path = standard_user.json; sourceTree = "<group>"; };
		D2F183011CC6D12600F10478 /* enterprise_user.json */ = {isa = PBXFileReference; fileEncoding = 4; lastKnownFileType = text.json; path = enterprise_user.json; sourceTree = "<group>"; };
		D2F473EB1CBC1E5B00057D9C /* ResponseSpec.swift */ = {isa = PBXFileReference; fileEncoding = 4; lastKnownFileType = sourcecode.swift; path = ResponseSpec.swift; sourceTree = "<group>"; };
		D2F473EE1CBC221D00057D9C /* OrganizationSpec.swift */ = {isa = PBXFileReference; fileEncoding = 4; lastKnownFileType = sourcecode.swift; path = OrganizationSpec.swift; sourceTree = "<group>"; };
		D2F473F11CBC24D700057D9C /* RespositorySpec.swift */ = {isa = PBXFileReference; fileEncoding = 4; lastKnownFileType = sourcecode.swift; path = RespositorySpec.swift; sourceTree = "<group>"; };
		D2F473F61CBC2FFF00057D9C /* repository1.json */ = {isa = PBXFileReference; fileEncoding = 4; lastKnownFileType = text.json; path = repository1.json; sourceTree = "<group>"; };
		D500FD111C3AABED00782D78 /* Playground-iOS.playground */ = {isa = PBXFileReference; lastKnownFileType = file.playground; path = "Playground-iOS.playground"; sourceTree = "<group>"; };
		D500FD121C3AAC8E00782D78 /* Playground-Mac.playground */ = {isa = PBXFileReference; lastKnownFileType = file.playground; path = "Playground-Mac.playground"; sourceTree = "<group>"; };
		D5B2E89F1C3A780C00C0327D /* GithubSwift.framework */ = {isa = PBXFileReference; explicitFileType = wrapper.framework; includeInIndex = 0; path = GithubSwift.framework; sourceTree = BUILT_PRODUCTS_DIR; };
		D5B2E8A91C3A780C00C0327D /* GithubSwift-iOS-Tests.xctest */ = {isa = PBXFileReference; explicitFileType = wrapper.cfbundle; includeInIndex = 0; path = "GithubSwift-iOS-Tests.xctest"; sourceTree = BUILT_PRODUCTS_DIR; };
		D5C629401C3A7FAA007F7B7C /* GithubSwift.framework */ = {isa = PBXFileReference; explicitFileType = wrapper.framework; includeInIndex = 0; path = GithubSwift.framework; sourceTree = BUILT_PRODUCTS_DIR; };
		D5C629491C3A7FAA007F7B7C /* GithubSwift-Mac-Tests.xctest */ = {isa = PBXFileReference; explicitFileType = wrapper.cfbundle; includeInIndex = 0; path = "GithubSwift-Mac-Tests.xctest"; sourceTree = BUILT_PRODUCTS_DIR; };
		D5C629751C3A878E007F7B7C /* Quick.framework */ = {isa = PBXFileReference; lastKnownFileType = wrapper.framework; name = Quick.framework; path = Carthage/Build/iOS/Quick.framework; sourceTree = "<group>"; };
		D5C629761C3A878E007F7B7C /* Nimble.framework */ = {isa = PBXFileReference; lastKnownFileType = wrapper.framework; name = Nimble.framework; path = Carthage/Build/iOS/Nimble.framework; sourceTree = "<group>"; };
		D5C6298B1C3A8BBD007F7B7C /* Info-iOS.plist */ = {isa = PBXFileReference; fileEncoding = 4; lastKnownFileType = text.plist.xml; path = "Info-iOS.plist"; sourceTree = "<group>"; };
		D5C6298C1C3A8BBD007F7B7C /* Info-Mac.plist */ = {isa = PBXFileReference; fileEncoding = 4; lastKnownFileType = text.plist.xml; path = "Info-Mac.plist"; sourceTree = "<group>"; };
		D5C629901C3A8BDA007F7B7C /* Info-iOS.plist */ = {isa = PBXFileReference; fileEncoding = 4; lastKnownFileType = text.plist.xml; path = "Info-iOS.plist"; sourceTree = "<group>"; };
		D5C629911C3A8BDA007F7B7C /* Info-Mac.plist */ = {isa = PBXFileReference; fileEncoding = 4; lastKnownFileType = text.plist.xml; path = "Info-Mac.plist"; sourceTree = "<group>"; };
/* End PBXFileReference section */

/* Begin PBXFrameworksBuildPhase section */
		D5B2E89B1C3A780C00C0327D /* Frameworks */ = {
			isa = PBXFrameworksBuildPhase;
			buildActionMask = 2147483647;
			files = (
				D29013511CB0129A00EFADE5 /* ISO8601.framework in Frameworks */,
				D21D1AFD1CADC3BE00BD068E /* Alamofire.framework in Frameworks */,
				D21D1AFE1CADC3BE00BD068E /* RxSwift.framework in Frameworks */,
				D21D1AFF1CADC3BE00BD068E /* Sugar.framework in Frameworks */,
				D21D1B001CADC3BE00BD068E /* Tailor.framework in Frameworks */,
			);
			runOnlyForDeploymentPostprocessing = 0;
		};
		D5B2E8A61C3A780C00C0327D /* Frameworks */ = {
			isa = PBXFrameworksBuildPhase;
			buildActionMask = 2147483647;
			files = (
				D29013541CB012B900EFADE5 /* ISO8601.framework in Frameworks */,
				D21D1AE11CADBC9100BD068E /* Mockingjay.framework in Frameworks */,
				D21D1B891CADCFD400BD068E /* Alamofire.framework in Frameworks */,
				D21D1B8A1CADCFD600BD068E /* RxSwift.framework in Frameworks */,
				D5C629771C3A878E007F7B7C /* Quick.framework in Frameworks */,
				D21D1B8C1CADCFD900BD068E /* Tailor.framework in Frameworks */,
				D5C629781C3A878E007F7B7C /* Nimble.framework in Frameworks */,
				D21D1B8B1CADCFD700BD068E /* Sugar.framework in Frameworks */,
				D5B2E8AA1C3A780C00C0327D /* GithubSwift.framework in Frameworks */,
				D21D1AE31CADC06E00BD068E /* URITemplate.framework in Frameworks */,
			);
			runOnlyForDeploymentPostprocessing = 0;
		};
		D5C6293C1C3A7FAA007F7B7C /* Frameworks */ = {
			isa = PBXFrameworksBuildPhase;
			buildActionMask = 2147483647;
			files = (
				D29013531CB012AD00EFADE5 /* ISO8601.framework in Frameworks */,
				D21D1B021CADC3C400BD068E /* RxSwift.framework in Frameworks */,
				D21D1B031CADC3C600BD068E /* Sugar.framework in Frameworks */,
				D21D1B011CADC3C200BD068E /* Alamofire.framework in Frameworks */,
				D21D1B041CADC3C800BD068E /* Tailor.framework in Frameworks */,
			);
			runOnlyForDeploymentPostprocessing = 0;
		};
		D5C629461C3A7FAA007F7B7C /* Frameworks */ = {
			isa = PBXFrameworksBuildPhase;
			buildActionMask = 2147483647;
			files = (
				D5C6294A1C3A7FAA007F7B7C /* GithubSwift.framework in Frameworks */,
			);
			runOnlyForDeploymentPostprocessing = 0;
		};
/* End PBXFrameworksBuildPhase section */

/* Begin PBXGroup section */
		D20617C91CBC357800B738F8 /* Content */ = {
			isa = PBXGroup;
			children = (
				D20617CA1CBC358700B738F8 /* Content.swift */,
				D20617CD1CBC364B00B738F8 /* DirectoryContent.swift */,
				D20617D01CBC365000B738F8 /* FileContent.swift */,
				D20617D31CBC365600B738F8 /* SymlinkContent.swift */,
				D20617D61CBC366200B738F8 /* SubmoduleContent.swift */,
			);
			path = Content;
			sourceTree = "<group>";
		};
		D21D1AC51CADAF8200BD068E /* Frameworks */ = {
			isa = PBXGroup;
			children = (
				D29013521CB012AD00EFADE5 /* ISO8601.framework */,
				D29013501CB0129A00EFADE5 /* ISO8601.framework */,
				D21D1AF91CADC3BE00BD068E /* Alamofire.framework */,
				D21D1AFA1CADC3BE00BD068E /* RxSwift.framework */,
				D21D1AFB1CADC3BE00BD068E /* Sugar.framework */,
				D21D1AFC1CADC3BE00BD068E /* Tailor.framework */,
				D21D1AE21CADC06E00BD068E /* URITemplate.framework */,
				D21D1AE01CADBC9100BD068E /* Mockingjay.framework */,
				D5C629751C3A878E007F7B7C /* Quick.framework */,
				D5C629761C3A878E007F7B7C /* Nimble.framework */,
			);
			name = Frameworks;
			sourceTree = "<group>";
		};
		D21D1B091CADC5A400BD068E /* Classes */ = {
			isa = PBXGroup;
			children = (
				D22724081CC82A910093AA53 /* Activity */,
				D22723FE1CC828A00093AA53 /* Organization */,
				D22723FA1CC827770093AA53 /* Watching */,
				D22723EA1CC80DBD0093AA53 /* Comment */,
				D22723E31CC80D510093AA53 /* Issue */,
				D22723D91CC80AD60093AA53 /* Search */,
				D22723D21CC805440093AA53 /* Commit */,
				D2BABA3C1CC6DF3600245C3D /* PullRequest */,
				D20617C91CBC357800B738F8 /* Content */,
				D24FD85A1CB97A66008C4EEC /* User */,
				D29013851CB1546D00EFADE5 /* Authentication */,
				D29013811CB07D6C00EFADE5 /* SignIn */,
				D29013671CB0506C00EFADE5 /* Notification */,
				D21D1B0A1CADC5A400BD068E /* BaseModel */,
				D21D1B0C1CADC5A400BD068E /* Client */,
				D21D1B141CADC5A400BD068E /* Entity */,
				D21D1B1A1CADC5A400BD068E /* Repository */,
				D21D1B1C1CADC5A400BD068E /* Server */,
			);
			path = Classes;
			sourceTree = "<group>";
		};
		D21D1B0A1CADC5A400BD068E /* BaseModel */ = {
			isa = PBXGroup;
			children = (
				D21D1B0B1CADC5A400BD068E /* Object.swift */,
			);
			path = BaseModel;
			sourceTree = "<group>";
		};
		D21D1B0C1CADC5A400BD068E /* Client */ = {
			isa = PBXGroup;
			children = (
				D21D1B0E1CADC5A400BD068E /* Client+Config.swift */,
				D21D1B0F1CADC5A400BD068E /* Error.swift */,
				D21D1B111CADC5A400BD068E /* Client+Request.swift */,
				D21D1B121CADC5A400BD068E /* Client.swift */,
				D21D1B131CADC5A400BD068E /* RequestDescriptor.swift */,
				D29013491CAFAD7F00EFADE5 /* Response.swift */,
				D290135F1CB04A3E00EFADE5 /* Client+Constant.swift */,
				D29013711CB066FC00EFADE5 /* Password.swift */,
			);
			path = Client;
			sourceTree = "<group>";
		};
		D21D1B141CADC5A400BD068E /* Entity */ = {
			isa = PBXGroup;
			children = (
				D21D1B151CADC5A400BD068E /* Entity.swift */,
				D21D1B171CADC5A400BD068E /* Plan.swift */,
				D21D1B191CADC5A400BD068E /* User.swift */,
			);
			path = Entity;
			sourceTree = "<group>";
		};
		D21D1B1A1CADC5A400BD068E /* Repository */ = {
			isa = PBXGroup;
			children = (
				D21D1B1B1CADC5A400BD068E /* Repository.swift */,
				D290134D1CAFF9FE00EFADE5 /* Client+Repository.swift */,
				D2BABA391CC6DF2100245C3D /* Branch.swift */,
			);
			path = Repository;
			sourceTree = "<group>";
		};
		D21D1B1C1CADC5A400BD068E /* Server */ = {
			isa = PBXGroup;
			children = (
				D21D1B1D1CADC5A400BD068E /* Client+Server.swift */,
				D21D1B1E1CADC5A400BD068E /* Server.swift */,
				D21D1B1F1CADC5A400BD068E /* ServerMetadata.swift */,
			);
			path = Server;
			sourceTree = "<group>";
		};
		D21D1B201CADC5A400BD068E /* Extensions */ = {
			isa = PBXGroup;
			children = (
				D290136E1CB0591300EFADE5 /* String+Extensions.swift */,
				D290138F1CB159B100EFADE5 /* OptionSetType+Extensions.swift */,
				D29013921CB1965800EFADE5 /* Dictionary+Extensions.swift */,
				D2A0650E1CB85D55005A0AC7 /* NSURL+Extensions.swift */,
			);
			path = Extensions;
			sourceTree = "<group>";
		};
		D21D1B211CADC5A400BD068E /* Helper */ = {
			isa = PBXGroup;
			children = (
				D29013741CB06B2D00EFADE5 /* Parser */,
				D29013551CB0136C00EFADE5 /* Formatter */,
				D21D1B221CADC5A400BD068E /* Transformer */,
				D29013781CB06F6700EFADE5 /* Helper.swift */,
				D2A065171CB868FB005A0AC7 /* URLOpener.swift */,
			);
			path = Helper;
			sourceTree = "<group>";
		};
		D21D1B221CADC5A400BD068E /* Transformer */ = {
			isa = PBXGroup;
			children = (
				D21D1B231CADC5A400BD068E /* Transformer.swift */,
			);
			path = Transformer;
			sourceTree = "<group>";
		};
		D21D1B481CADC5CF00BD068E /* Classes */ = {
			isa = PBXGroup;
			children = (
				D21D1B491CADC5CF00BD068E /* ClientSpec.swift */,
				D21D1B4A1CADC5CF00BD068E /* Helper.swift */,
				D29013591CB0446100EFADE5 /* Client+RequestSpec.swift */,
				D290135C1CB0446C00EFADE5 /* Client+RepositorySpec.swift */,
				D29013641CB04FBE00EFADE5 /* Client+NotificationSpec.swift */,
				D290137B1CB0793A00EFADE5 /* FormatterSpec.swift */,
				D290137E1CB07D3600EFADE5 /* Client+SignInSpec.swift */,
				D2A0651A1CB8698E005A0AC7 /* TestURLOpener.swift */,
				D24FD85E1CB99C7C008C4EEC /* ServerSpec.swift */,
				D24FD8611CB9A271008C4EEC /* AuthorizationSpec.swift */,
				D24FD8651CBA3323008C4EEC /* Client+ServerSpec.swift */,
				D2F473EB1CBC1E5B00057D9C /* ResponseSpec.swift */,
				D2F473EE1CBC221D00057D9C /* OrganizationSpec.swift */,
				D2F473F11CBC24D700057D9C /* RespositorySpec.swift */,
				D2BABA361CC6D1DD00245C3D /* UserSpec.swift */,
			);
			path = Classes;
			sourceTree = "<group>";
		};
		D21D1B4B1CADC5CF00BD068E /* Fixtures */ = {
			isa = PBXGroup;
			children = (
				D21D1B4C1CADC5CF00BD068E /* access_token.json */,
				D21D1B4D1CADC5CF00BD068E /* authorizations.json */,
				D21D1B4E1CADC5CF00BD068E /* authorizations_existing.json */,
				D21D1B4F1CADC5CF00BD068E /* commit.json */,
				D21D1B501CADC5CF00BD068E /* content.json */,
				D21D1B511CADC5CF00BD068E /* events.json */,
				D21D1B521CADC5CF00BD068E /* git_commit.json */,
				D21D1B531CADC5CF00BD068E /* git_commit_full.json */,
				D21D1B541CADC5CF00BD068E /* meta.json */,
				D21D1B551CADC5CF00BD068E /* notifications.json */,
				D21D1B561CADC5CF00BD068E /* page1.json */,
				D21D1B571CADC5CF00BD068E /* page2.json */,
				D21D1B581CADC5CF00BD068E /* page3.json */,
				D21D1B591CADC5CF00BD068E /* rate_limit.json */,
				D21D1B5A1CADC5CF00BD068E /* ref.json */,
				D21D1B5B1CADC5CF00BD068E /* repository.json */,
				D21D1B5C1CADC5CF00BD068E /* tree.json */,
				D21D1B5D1CADC5CF00BD068E /* user.json */,
				D21D1B5E1CADC5CF00BD068E /* user_starred.json */,
				D2F473F61CBC2FFF00057D9C /* repository1.json */,
				D2F182FE1CC6D11700F10478 /* standard_user.json */,
				D2F183011CC6D12600F10478 /* enterprise_user.json */,
			);
			path = Fixtures;
			sourceTree = "<group>";
		};
		D22723D21CC805440093AA53 /* Commit */ = {
			isa = PBXGroup;
			children = (
				D22723D31CC8054D0093AA53 /* GitCommit.swift */,
				D22723D61CC8079D0093AA53 /* GitCommitFile.swift */,
			);
			path = Commit;
			sourceTree = "<group>";
		};
		D22723D91CC80AD60093AA53 /* Search */ = {
			isa = PBXGroup;
			children = (
				D22723DA1CC80AE10093AA53 /* Client+Search.swift */,
				D22723DD1CC80BB10093AA53 /* RepositorySearchResult.swift */,
			);
			path = Search;
			sourceTree = "<group>";
		};
		D22723E31CC80D510093AA53 /* Issue */ = {
			isa = PBXGroup;
			children = (
				D22723E41CC80D560093AA53 /* Issue.swift */,
				D22723E71CC80D5D0093AA53 /* Client+Issue.swift */,
			);
			path = Issue;
			sourceTree = "<group>";
		};
		D22723EA1CC80DBD0093AA53 /* Comment */ = {
			isa = PBXGroup;
			children = (
				D22723F11CC824140093AA53 /* PullRequestComment.swift */,
				D22723EB1CC8229F0093AA53 /* Comment.swift */,
				D22723EE1CC823BA0093AA53 /* IssueComment.swift */,
				D22723F41CC824390093AA53 /* ReviewComment.swift */,
				D22723F71CC8267D0093AA53 /* CommitComment.swift */,
			);
			path = Comment;
			sourceTree = "<group>";
		};
		D22723FA1CC827770093AA53 /* Watching */ = {
			isa = PBXGroup;
			children = (
				D22723FB1CC827840093AA53 /* Client+Watching.swift */,
			);
			path = Watching;
			sourceTree = "<group>";
		};
		D22723FE1CC828A00093AA53 /* Organization */ = {
			isa = PBXGroup;
			children = (
				D22723FF1CC828BC0093AA53 /* Organization.swift */,
				D22724001CC828BC0093AA53 /* Team.swift */,
				D22724051CC828C50093AA53 /* Client+Organization.swift */,
			);
			path = Organization;
			sourceTree = "<group>";
		};
		D22724081CC82A910093AA53 /* Activity */ = {
			isa = PBXGroup;
			children = (
				D22724091CC82A970093AA53 /* Client+Activity.swift */,
			);
			path = Activity;
			sourceTree = "<group>";
		};
		D24FD85A1CB97A66008C4EEC /* User */ = {
			isa = PBXGroup;
			children = (
				D24FD85B1CB97A71008C4EEC /* Client+User.swift */,
			);
			path = User;
			sourceTree = "<group>";
		};
		D29013551CB0136C00EFADE5 /* Formatter */ = {
			isa = PBXGroup;
			children = (
				D29013561CB0137600EFADE5 /* Formatter.swift */,
			);
			path = Formatter;
			sourceTree = "<group>";
		};
		D29013671CB0506C00EFADE5 /* Notification */ = {
			isa = PBXGroup;
			children = (
				D29013681CB0507300EFADE5 /* Notification.swift */,
				D290136B1CB0507B00EFADE5 /* Client+Notification.swift */,
			);
			path = Notification;
			sourceTree = "<group>";
		};
		D29013741CB06B2D00EFADE5 /* Parser */ = {
			isa = PBXGroup;
			children = (
				D29013751CB06B3300EFADE5 /* Parser.swift */,
			);
			path = Parser;
			sourceTree = "<group>";
		};
		D29013811CB07D6C00EFADE5 /* SignIn */ = {
			isa = PBXGroup;
			children = (
				D29013821CB07D7300EFADE5 /* Client+SignIn.swift */,
			);
			path = SignIn;
			sourceTree = "<group>";
		};
		D29013851CB1546D00EFADE5 /* Authentication */ = {
			isa = PBXGroup;
			children = (
				D290138C1CB158E600EFADE5 /* AuthorizationScopes.swift */,
				D29013861CB154D500EFADE5 /* Authorization.swift */,
				D29013891CB154DC00EFADE5 /* AccessToken.swift */,
			);
			path = Authentication;
			sourceTree = "<group>";
		};
		D2BABA3C1CC6DF3600245C3D /* PullRequest */ = {
			isa = PBXGroup;
			children = (
				D2BABA3D1CC6DF3D00245C3D /* PullRequest.swift */,
			);
			path = PullRequest;
			sourceTree = "<group>";
		};
		D5B2E8951C3A780C00C0327D = {
			isa = PBXGroup;
			children = (
				D21D1AC51CADAF8200BD068E /* Frameworks */,
				D500FD111C3AABED00782D78 /* Playground-iOS.playground */,
				D500FD121C3AAC8E00782D78 /* Playground-Mac.playground */,
				D5C629691C3A809D007F7B7C /* Sources */,
				D5C6295C1C3A800E007F7B7C /* GithubSwift */,
				D5C6298F1C3A8BDA007F7B7C /* GithubSwiftTests */,
				D5B2E8A01C3A780C00C0327D /* Products */,
			);
			sourceTree = "<group>";
		};
		D5B2E8A01C3A780C00C0327D /* Products */ = {
			isa = PBXGroup;
			children = (
				D5B2E89F1C3A780C00C0327D /* GithubSwift.framework */,
				D5B2E8A91C3A780C00C0327D /* GithubSwift-iOS-Tests.xctest */,
				D5C629401C3A7FAA007F7B7C /* GithubSwift.framework */,
				D5C629491C3A7FAA007F7B7C /* GithubSwift-Mac-Tests.xctest */,
			);
			name = Products;
			sourceTree = "<group>";
		};
		D5C6295C1C3A800E007F7B7C /* GithubSwift */ = {
			isa = PBXGroup;
			children = (
				D5C6298B1C3A8BBD007F7B7C /* Info-iOS.plist */,
				D5C6298C1C3A8BBD007F7B7C /* Info-Mac.plist */,
			);
			path = GithubSwift;
			sourceTree = "<group>";
		};
		D5C629691C3A809D007F7B7C /* Sources */ = {
			isa = PBXGroup;
			children = (
				D21D1B091CADC5A400BD068E /* Classes */,
				D21D1B201CADC5A400BD068E /* Extensions */,
				D21D1B211CADC5A400BD068E /* Helper */,
			);
			path = Sources;
			sourceTree = "<group>";
		};
		D5C6298F1C3A8BDA007F7B7C /* GithubSwiftTests */ = {
			isa = PBXGroup;
			children = (
				D21D1B481CADC5CF00BD068E /* Classes */,
				D21D1B4B1CADC5CF00BD068E /* Fixtures */,
				D5C629901C3A8BDA007F7B7C /* Info-iOS.plist */,
				D5C629911C3A8BDA007F7B7C /* Info-Mac.plist */,
			);
			path = GithubSwiftTests;
			sourceTree = "<group>";
		};
/* End PBXGroup section */

/* Begin PBXHeadersBuildPhase section */
		D5B2E89C1C3A780C00C0327D /* Headers */ = {
			isa = PBXHeadersBuildPhase;
			buildActionMask = 2147483647;
			files = (
			);
			runOnlyForDeploymentPostprocessing = 0;
		};
		D5C6293D1C3A7FAA007F7B7C /* Headers */ = {
			isa = PBXHeadersBuildPhase;
			buildActionMask = 2147483647;
			files = (
			);
			runOnlyForDeploymentPostprocessing = 0;
		};
/* End PBXHeadersBuildPhase section */

/* Begin PBXNativeTarget section */
		D5B2E89E1C3A780C00C0327D /* GithubSwift-iOS */ = {
			isa = PBXNativeTarget;
			buildConfigurationList = D5B2E8B31C3A780C00C0327D /* Build configuration list for PBXNativeTarget "GithubSwift-iOS" */;
			buildPhases = (
				D5B2E89A1C3A780C00C0327D /* Sources */,
				D5B2E89B1C3A780C00C0327D /* Frameworks */,
				D5B2E89C1C3A780C00C0327D /* Headers */,
				D5B2E89D1C3A780C00C0327D /* Resources */,
			);
			buildRules = (
			);
			dependencies = (
			);
			name = "GithubSwift-iOS";
			productName = GithubSwift;
			productReference = D5B2E89F1C3A780C00C0327D /* GithubSwift.framework */;
			productType = "com.apple.product-type.framework";
		};
		D5B2E8A81C3A780C00C0327D /* GithubSwift-iOS-Tests */ = {
			isa = PBXNativeTarget;
			buildConfigurationList = D5B2E8B61C3A780C00C0327D /* Build configuration list for PBXNativeTarget "GithubSwift-iOS-Tests" */;
			buildPhases = (
				D5B2E8A51C3A780C00C0327D /* Sources */,
				D5B2E8A61C3A780C00C0327D /* Frameworks */,
				D5B2E8A71C3A780C00C0327D /* Resources */,
				D5C629731C3A86E3007F7B7C /* Copy frameworks with Carthage */,
			);
			buildRules = (
			);
			dependencies = (
				D5B2E8AC1C3A780C00C0327D /* PBXTargetDependency */,
			);
			name = "GithubSwift-iOS-Tests";
			productName = GithubSwiftTests;
			productReference = D5B2E8A91C3A780C00C0327D /* GithubSwift-iOS-Tests.xctest */;
			productType = "com.apple.product-type.bundle.unit-test";
		};
		D5C6293F1C3A7FAA007F7B7C /* GithubSwift-Mac */ = {
			isa = PBXNativeTarget;
			buildConfigurationList = D5C629511C3A7FAA007F7B7C /* Build configuration list for PBXNativeTarget "GithubSwift-Mac" */;
			buildPhases = (
				D5C6293B1C3A7FAA007F7B7C /* Sources */,
				D5C6293C1C3A7FAA007F7B7C /* Frameworks */,
				D5C6293D1C3A7FAA007F7B7C /* Headers */,
				D5C6293E1C3A7FAA007F7B7C /* Resources */,
			);
			buildRules = (
			);
			dependencies = (
			);
			name = "GithubSwift-Mac";
			productName = "GithubSwift-Mac";
			productReference = D5C629401C3A7FAA007F7B7C /* GithubSwift.framework */;
			productType = "com.apple.product-type.framework";
		};
		D5C629481C3A7FAA007F7B7C /* GithubSwift-Mac-Tests */ = {
			isa = PBXNativeTarget;
			buildConfigurationList = D5C629541C3A7FAA007F7B7C /* Build configuration list for PBXNativeTarget "GithubSwift-Mac-Tests" */;
			buildPhases = (
				D5C629451C3A7FAA007F7B7C /* Sources */,
				D5C629461C3A7FAA007F7B7C /* Frameworks */,
				D5C629471C3A7FAA007F7B7C /* Resources */,
				D5C629741C3A8717007F7B7C /* Copy frameworks with Carthage */,
			);
			buildRules = (
			);
			dependencies = (
				D5C6294C1C3A7FAA007F7B7C /* PBXTargetDependency */,
			);
			name = "GithubSwift-Mac-Tests";
			productName = "GithubSwift-MacTests";
			productReference = D5C629491C3A7FAA007F7B7C /* GithubSwift-Mac-Tests.xctest */;
			productType = "com.apple.product-type.bundle.unit-test";
		};
/* End PBXNativeTarget section */

/* Begin PBXProject section */
		D5B2E8961C3A780C00C0327D /* Project object */ = {
			isa = PBXProject;
			attributes = {
				LastSwiftUpdateCheck = 0720;
				LastUpgradeCheck = 0720;
				ORGANIZATIONNAME = Fantageek;
				TargetAttributes = {
					D5B2E89E1C3A780C00C0327D = {
						CreatedOnToolsVersion = 7.2;
					};
					D5B2E8A81C3A780C00C0327D = {
						CreatedOnToolsVersion = 7.2;
					};
					D5C6293F1C3A7FAA007F7B7C = {
						CreatedOnToolsVersion = 7.2;
					};
					D5C629481C3A7FAA007F7B7C = {
						CreatedOnToolsVersion = 7.2;
					};
				};
			};
			buildConfigurationList = D5B2E8991C3A780C00C0327D /* Build configuration list for PBXProject "GithubSwift" */;
			compatibilityVersion = "Xcode 3.2";
			developmentRegion = English;
			hasScannedForEncodings = 0;
			knownRegions = (
				en,
			);
			mainGroup = D5B2E8951C3A780C00C0327D;
			productRefGroup = D5B2E8A01C3A780C00C0327D /* Products */;
			projectDirPath = "";
			projectRoot = "";
			targets = (
				D5B2E89E1C3A780C00C0327D /* GithubSwift-iOS */,
				D5C6293F1C3A7FAA007F7B7C /* GithubSwift-Mac */,
				D5B2E8A81C3A780C00C0327D /* GithubSwift-iOS-Tests */,
				D5C629481C3A7FAA007F7B7C /* GithubSwift-Mac-Tests */,
			);
		};
/* End PBXProject section */

/* Begin PBXResourcesBuildPhase section */
		D5B2E89D1C3A780C00C0327D /* Resources */ = {
			isa = PBXResourcesBuildPhase;
			buildActionMask = 2147483647;
			files = (
			);
			runOnlyForDeploymentPostprocessing = 0;
		};
		D5B2E8A71C3A780C00C0327D /* Resources */ = {
			isa = PBXResourcesBuildPhase;
			buildActionMask = 2147483647;
			files = (
				D21D1B751CADC5CF00BD068E /* notifications.json in Resources */,
				D21D1B731CADC5CF00BD068E /* meta.json in Resources */,
				D21D1B771CADC5CF00BD068E /* page1.json in Resources */,
				D21D1B6B1CADC5CF00BD068E /* content.json in Resources */,
				D21D1B691CADC5CF00BD068E /* commit.json in Resources */,
				D21D1B871CADC5CF00BD068E /* user_starred.json in Resources */,
				D21D1B711CADC5CF00BD068E /* git_commit_full.json in Resources */,
				D21D1B851CADC5CF00BD068E /* user.json in Resources */,
				D21D1B6F1CADC5CF00BD068E /* git_commit.json in Resources */,
				D21D1B811CADC5CF00BD068E /* repository.json in Resources */,
				D21D1B6D1CADC5CF00BD068E /* events.json in Resources */,
				D21D1B7F1CADC5CF00BD068E /* ref.json in Resources */,
				D21D1B631CADC5CF00BD068E /* access_token.json in Resources */,
				D2F473F71CBC2FFF00057D9C /* repository1.json in Resources */,
				D21D1B791CADC5CF00BD068E /* page2.json in Resources */,
				D21D1B651CADC5CF00BD068E /* authorizations.json in Resources */,
				D21D1B7D1CADC5CF00BD068E /* rate_limit.json in Resources */,
				D2F182FF1CC6D11700F10478 /* standard_user.json in Resources */,
				D21D1B7B1CADC5CF00BD068E /* page3.json in Resources */,
				D21D1B831CADC5CF00BD068E /* tree.json in Resources */,
				D21D1B671CADC5CF00BD068E /* authorizations_existing.json in Resources */,
				D2F183021CC6D12600F10478 /* enterprise_user.json in Resources */,
			);
			runOnlyForDeploymentPostprocessing = 0;
		};
		D5C6293E1C3A7FAA007F7B7C /* Resources */ = {
			isa = PBXResourcesBuildPhase;
			buildActionMask = 2147483647;
			files = (
			);
			runOnlyForDeploymentPostprocessing = 0;
		};
		D5C629471C3A7FAA007F7B7C /* Resources */ = {
			isa = PBXResourcesBuildPhase;
			buildActionMask = 2147483647;
			files = (
				D21D1B761CADC5CF00BD068E /* notifications.json in Resources */,
				D21D1B741CADC5CF00BD068E /* meta.json in Resources */,
				D21D1B781CADC5CF00BD068E /* page1.json in Resources */,
				D21D1B6C1CADC5CF00BD068E /* content.json in Resources */,
				D21D1B6A1CADC5CF00BD068E /* commit.json in Resources */,
				D21D1B881CADC5CF00BD068E /* user_starred.json in Resources */,
				D21D1B721CADC5CF00BD068E /* git_commit_full.json in Resources */,
				D21D1B861CADC5CF00BD068E /* user.json in Resources */,
				D21D1B701CADC5CF00BD068E /* git_commit.json in Resources */,
				D21D1B821CADC5CF00BD068E /* repository.json in Resources */,
				D21D1B6E1CADC5CF00BD068E /* events.json in Resources */,
				D21D1B801CADC5CF00BD068E /* ref.json in Resources */,
				D21D1B641CADC5CF00BD068E /* access_token.json in Resources */,
				D2F473F81CBC2FFF00057D9C /* repository1.json in Resources */,
				D21D1B7A1CADC5CF00BD068E /* page2.json in Resources */,
				D21D1B661CADC5CF00BD068E /* authorizations.json in Resources */,
				D21D1B7E1CADC5CF00BD068E /* rate_limit.json in Resources */,
				D2F183001CC6D11700F10478 /* standard_user.json in Resources */,
				D21D1B7C1CADC5CF00BD068E /* page3.json in Resources */,
				D21D1B841CADC5CF00BD068E /* tree.json in Resources */,
				D21D1B681CADC5CF00BD068E /* authorizations_existing.json in Resources */,
				D2F183031CC6D12600F10478 /* enterprise_user.json in Resources */,
			);
			runOnlyForDeploymentPostprocessing = 0;
		};
/* End PBXResourcesBuildPhase section */

/* Begin PBXShellScriptBuildPhase section */
		D5C629731C3A86E3007F7B7C /* Copy frameworks with Carthage */ = {
			isa = PBXShellScriptBuildPhase;
			buildActionMask = 2147483647;
			files = (
			);
			inputPaths = (
				"$(SRCROOT)/Carthage/Build/iOS/Quick.framework",
				"$(SRCROOT)/Carthage/Build/iOS/Nimble.framework",
				"$(SRCROOT)/Carthage/Build/iOS/Mockingjay.framework",
				"$(SRCROOT)/Carthage/Build/iOS/URITemplate.framework",
			);
			name = "Copy frameworks with Carthage";
			outputPaths = (
			);
			runOnlyForDeploymentPostprocessing = 0;
			shellPath = /bin/sh;
			shellScript = "/usr/local/bin/carthage copy-frameworks";
		};
		D5C629741C3A8717007F7B7C /* Copy frameworks with Carthage */ = {
			isa = PBXShellScriptBuildPhase;
			buildActionMask = 2147483647;
			files = (
			);
			inputPaths = (
				"$(SRCROOT)/Carthage/Build/Mac/Quick.framework",
				"$(SRCROOT)/Carthage/Build/Mac/Nimble.framework",
			);
			name = "Copy frameworks with Carthage";
			outputPaths = (
			);
			runOnlyForDeploymentPostprocessing = 0;
			shellPath = /bin/sh;
			shellScript = "/usr/local/bin/carthage copy-frameworks";
		};
/* End PBXShellScriptBuildPhase section */

/* Begin PBXSourcesBuildPhase section */
		D5B2E89A1C3A780C00C0327D /* Sources */ = {
			isa = PBXSourcesBuildPhase;
			buildActionMask = 2147483647;
			files = (
				D21D1B461CADC5A400BD068E /* Transformer.swift in Sources */,
				D29013691CB0507300EFADE5 /* Notification.swift in Sources */,
				D20617D41CBC365600B738F8 /* SymlinkContent.swift in Sources */,
				D29013571CB0137600EFADE5 /* Formatter.swift in Sources */,
				D290138D1CB158E600EFADE5 /* AuthorizationScopes.swift in Sources */,
				D29013761CB06B3300EFADE5 /* Parser.swift in Sources */,
				D29013791CB06F6700EFADE5 /* Helper.swift in Sources */,
				D20617CE1CBC364B00B738F8 /* DirectoryContent.swift in Sources */,
				D22724011CC828BC0093AA53 /* Organization.swift in Sources */,
				D24FD85C1CB97A71008C4EEC /* Client+User.swift in Sources */,
				D22723DE1CC80BB10093AA53 /* RepositorySearchResult.swift in Sources */,
				D29013931CB1965800EFADE5 /* Dictionary+Extensions.swift in Sources */,
				D21D1B2E1CADC5A400BD068E /* Client+Request.swift in Sources */,
				D22723F81CC8267D0093AA53 /* CommitComment.swift in Sources */,
				D20617D71CBC366200B738F8 /* SubmoduleContent.swift in Sources */,
				D227240A1CC82A970093AA53 /* Client+Activity.swift in Sources */,
				D29013901CB159B100EFADE5 /* OptionSetType+Extensions.swift in Sources */,
				D22723EF1CC823BA0093AA53 /* IssueComment.swift in Sources */,
				D21D1B441CADC5A400BD068E /* ServerMetadata.swift in Sources */,
				D22724031CC828BC0093AA53 /* Team.swift in Sources */,
				D22723D41CC8054D0093AA53 /* GitCommit.swift in Sources */,
				D290134A1CAFAD7F00EFADE5 /* Response.swift in Sources */,
				D2A065181CB868FB005A0AC7 /* URLOpener.swift in Sources */,
				D20617D11CBC365000B738F8 /* FileContent.swift in Sources */,
				D21D1B2A1CADC5A400BD068E /* Error.swift in Sources */,
				D21D1B381CADC5A400BD068E /* Plan.swift in Sources */,
				D21D1B241CADC5A400BD068E /* Object.swift in Sources */,
				D21D1B401CADC5A400BD068E /* Client+Server.swift in Sources */,
				D290136C1CB0507B00EFADE5 /* Client+Notification.swift in Sources */,
				D21D1B3C1CADC5A400BD068E /* User.swift in Sources */,
				D22723F51CC824390093AA53 /* ReviewComment.swift in Sources */,
				D29013871CB154D500EFADE5 /* Authorization.swift in Sources */,
				D2BABA3A1CC6DF2100245C3D /* Branch.swift in Sources */,
				D22723D71CC8079D0093AA53 /* GitCommitFile.swift in Sources */,
				D29013831CB07D7300EFADE5 /* Client+SignIn.swift in Sources */,
				D290136F1CB0591300EFADE5 /* String+Extensions.swift in Sources */,
				D20617CB1CBC358700B738F8 /* Content.swift in Sources */,
				D29013721CB066FC00EFADE5 /* Password.swift in Sources */,
				D2BABA3E1CC6DF3D00245C3D /* PullRequest.swift in Sources */,
				D22723EC1CC8229F0093AA53 /* Comment.swift in Sources */,
				D22723E81CC80D5D0093AA53 /* Client+Issue.swift in Sources */,
				D21D1B281CADC5A400BD068E /* Client+Config.swift in Sources */,
				D21D1B341CADC5A400BD068E /* Entity.swift in Sources */,
				D21D1B3E1CADC5A400BD068E /* Repository.swift in Sources */,
				D22724061CC828C50093AA53 /* Client+Organization.swift in Sources */,
				D21D1B321CADC5A400BD068E /* RequestDescriptor.swift in Sources */,
				D2A0650F1CB85D55005A0AC7 /* NSURL+Extensions.swift in Sources */,
				D290134E1CAFF9FE00EFADE5 /* Client+Repository.swift in Sources */,
				D29013621CB04A9100EFADE5 /* Client+Constant.swift in Sources */,
				D22723FC1CC827840093AA53 /* Client+Watching.swift in Sources */,
				D21D1B421CADC5A400BD068E /* Server.swift in Sources */,
				D22723DB1CC80AE10093AA53 /* Client+Search.swift in Sources */,
				D21D1B301CADC5A400BD068E /* Client.swift in Sources */,
				D22723F21CC824140093AA53 /* PullRequestComment.swift in Sources */,
				D290138A1CB154DC00EFADE5 /* AccessToken.swift in Sources */,
				D22723E51CC80D560093AA53 /* Issue.swift in Sources */,
			);
			runOnlyForDeploymentPostprocessing = 0;
		};
		D5B2E8A51C3A780C00C0327D /* Sources */ = {
			isa = PBXSourcesBuildPhase;
			buildActionMask = 2147483647;
			files = (
				D24FD8621CB9A271008C4EEC /* AuthorizationSpec.swift in Sources */,
				D21D1B5F1CADC5CF00BD068E /* ClientSpec.swift in Sources */,
				D290137C1CB0793A00EFADE5 /* FormatterSpec.swift in Sources */,
				D2A0651B1CB8698E005A0AC7 /* TestURLOpener.swift in Sources */,
				D24FD85F1CB99C7C008C4EEC /* ServerSpec.swift in Sources */,
				D29013651CB04FBE00EFADE5 /* Client+NotificationSpec.swift in Sources */,
				D21D1B611CADC5CF00BD068E /* Helper.swift in Sources */,
				D290135A1CB0446100EFADE5 /* Client+RequestSpec.swift in Sources */,
				D24FD8661CBA3323008C4EEC /* Client+ServerSpec.swift in Sources */,
				D290135D1CB0446C00EFADE5 /* Client+RepositorySpec.swift in Sources */,
				D290137F1CB07D3600EFADE5 /* Client+SignInSpec.swift in Sources */,
				D2F473EF1CBC221D00057D9C /* OrganizationSpec.swift in Sources */,
				D2F473F41CBC294E00057D9C /* RespositorySpec.swift in Sources */,
				D2F473EC1CBC1E5B00057D9C /* ResponseSpec.swift in Sources */,
				D2BABA371CC6D1DD00245C3D /* UserSpec.swift in Sources */,
			);
			runOnlyForDeploymentPostprocessing = 0;
		};
		D5C6293B1C3A7FAA007F7B7C /* Sources */ = {
			isa = PBXSourcesBuildPhase;
			buildActionMask = 2147483647;
			files = (
				D21D1B471CADC5A400BD068E /* Transformer.swift in Sources */,
				D290136A1CB0507300EFADE5 /* Notification.swift in Sources */,
				D20617D51CBC365600B738F8 /* SymlinkContent.swift in Sources */,
				D29013581CB0137600EFADE5 /* Formatter.swift in Sources */,
				D290138E1CB158E600EFADE5 /* AuthorizationScopes.swift in Sources */,
				D29013771CB06B3300EFADE5 /* Parser.swift in Sources */,
				D290137A1CB06F6700EFADE5 /* Helper.swift in Sources */,
				D20617CF1CBC364B00B738F8 /* DirectoryContent.swift in Sources */,
				D22724021CC828BC0093AA53 /* Organization.swift in Sources */,
				D24FD85D1CB97A71008C4EEC /* Client+User.swift in Sources */,
				D22723DF1CC80BB10093AA53 /* RepositorySearchResult.swift in Sources */,
				D29013941CB1965800EFADE5 /* Dictionary+Extensions.swift in Sources */,
				D21D1B2F1CADC5A400BD068E /* Client+Request.swift in Sources */,
				D22723F91CC8267D0093AA53 /* CommitComment.swift in Sources */,
				D20617D81CBC366200B738F8 /* SubmoduleContent.swift in Sources */,
				D227240B1CC82A970093AA53 /* Client+Activity.swift in Sources */,
				D29013911CB159B100EFADE5 /* OptionSetType+Extensions.swift in Sources */,
				D22723F01CC823BA0093AA53 /* IssueComment.swift in Sources */,
				D21D1B451CADC5A400BD068E /* ServerMetadata.swift in Sources */,
				D22724041CC828BC0093AA53 /* Team.swift in Sources */,
				D22723D51CC8054D0093AA53 /* GitCommit.swift in Sources */,
				D290134B1CAFAD7F00EFADE5 /* Response.swift in Sources */,
				D2A065191CB868FB005A0AC7 /* URLOpener.swift in Sources */,
				D20617D21CBC365000B738F8 /* FileContent.swift in Sources */,
				D21D1B2B1CADC5A400BD068E /* Error.swift in Sources */,
				D21D1B391CADC5A400BD068E /* Plan.swift in Sources */,
				D21D1B251CADC5A400BD068E /* Object.swift in Sources */,
				D21D1B411CADC5A400BD068E /* Client+Server.swift in Sources */,
				D290136D1CB0507B00EFADE5 /* Client+Notification.swift in Sources */,
				D21D1B3D1CADC5A400BD068E /* User.swift in Sources */,
				D22723F61CC824390093AA53 /* ReviewComment.swift in Sources */,
				D29013881CB154D500EFADE5 /* Authorization.swift in Sources */,
				D2BABA3B1CC6DF2100245C3D /* Branch.swift in Sources */,
				D22723D81CC8079D0093AA53 /* GitCommitFile.swift in Sources */,
				D29013841CB07D7300EFADE5 /* Client+SignIn.swift in Sources */,
				D29013701CB0591300EFADE5 /* String+Extensions.swift in Sources */,
				D20617CC1CBC358700B738F8 /* Content.swift in Sources */,
				D29013731CB066FC00EFADE5 /* Password.swift in Sources */,
				D2BABA3F1CC6DF3D00245C3D /* PullRequest.swift in Sources */,
				D22723ED1CC8229F0093AA53 /* Comment.swift in Sources */,
				D22723E91CC80D5D0093AA53 /* Client+Issue.swift in Sources */,
				D21D1B291CADC5A400BD068E /* Client+Config.swift in Sources */,
				D21D1B351CADC5A400BD068E /* Entity.swift in Sources */,
				D21D1B3F1CADC5A400BD068E /* Repository.swift in Sources */,
				D22724071CC828C50093AA53 /* Client+Organization.swift in Sources */,
				D21D1B331CADC5A400BD068E /* RequestDescriptor.swift in Sources */,
				D2A065101CB85D55005A0AC7 /* NSURL+Extensions.swift in Sources */,
				D290134F1CAFF9FE00EFADE5 /* Client+Repository.swift in Sources */,
				D29013631CB04A9200EFADE5 /* Client+Constant.swift in Sources */,
				D22723FD1CC827840093AA53 /* Client+Watching.swift in Sources */,
				D21D1B431CADC5A400BD068E /* Server.swift in Sources */,
				D22723DC1CC80AE10093AA53 /* Client+Search.swift in Sources */,
				D21D1B311CADC5A400BD068E /* Client.swift in Sources */,
				D22723F31CC824140093AA53 /* PullRequestComment.swift in Sources */,
				D290138B1CB154DC00EFADE5 /* AccessToken.swift in Sources */,
				D22723E61CC80D560093AA53 /* Issue.swift in Sources */,
			);
			runOnlyForDeploymentPostprocessing = 0;
		};
		D5C629451C3A7FAA007F7B7C /* Sources */ = {
			isa = PBXSourcesBuildPhase;
			buildActionMask = 2147483647;
			files = (
				D24FD8631CB9A271008C4EEC /* AuthorizationSpec.swift in Sources */,
				D21D1B601CADC5CF00BD068E /* ClientSpec.swift in Sources */,
				D290137D1CB0793A00EFADE5 /* FormatterSpec.swift in Sources */,
				D2A0651C1CB8698E005A0AC7 /* TestURLOpener.swift in Sources */,
				D24FD8601CB99C7C008C4EEC /* ServerSpec.swift in Sources */,
				D29013661CB04FBE00EFADE5 /* Client+NotificationSpec.swift in Sources */,
				D21D1B621CADC5CF00BD068E /* Helper.swift in Sources */,
				D290135B1CB0446100EFADE5 /* Client+RequestSpec.swift in Sources */,
				D24FD8671CBA3323008C4EEC /* Client+ServerSpec.swift in Sources */,
				D290135E1CB0446C00EFADE5 /* Client+RepositorySpec.swift in Sources */,
				D29013801CB07D3600EFADE5 /* Client+SignInSpec.swift in Sources */,
				D2F473F01CBC221D00057D9C /* OrganizationSpec.swift in Sources */,
				D2F473F51CBC294F00057D9C /* RespositorySpec.swift in Sources */,
				D2F473ED1CBC1E5B00057D9C /* ResponseSpec.swift in Sources */,
				D2BABA381CC6D1DD00245C3D /* UserSpec.swift in Sources */,
			);
			runOnlyForDeploymentPostprocessing = 0;
		};
/* End PBXSourcesBuildPhase section */

/* Begin PBXTargetDependency section */
		D5B2E8AC1C3A780C00C0327D /* PBXTargetDependency */ = {
			isa = PBXTargetDependency;
			target = D5B2E89E1C3A780C00C0327D /* GithubSwift-iOS */;
			targetProxy = D5B2E8AB1C3A780C00C0327D /* PBXContainerItemProxy */;
		};
		D5C6294C1C3A7FAA007F7B7C /* PBXTargetDependency */ = {
			isa = PBXTargetDependency;
			target = D5C6293F1C3A7FAA007F7B7C /* GithubSwift-Mac */;
			targetProxy = D5C6294B1C3A7FAA007F7B7C /* PBXContainerItemProxy */;
		};
/* End PBXTargetDependency section */

/* Begin XCBuildConfiguration section */
		D5B2E8B11C3A780C00C0327D /* Debug */ = {
			isa = XCBuildConfiguration;
			buildSettings = {
				ALWAYS_SEARCH_USER_PATHS = NO;
				CLANG_CXX_LANGUAGE_STANDARD = "gnu++0x";
				CLANG_CXX_LIBRARY = "libc++";
				CLANG_ENABLE_MODULES = YES;
				CLANG_ENABLE_OBJC_ARC = YES;
				CLANG_WARN_BOOL_CONVERSION = YES;
				CLANG_WARN_CONSTANT_CONVERSION = YES;
				CLANG_WARN_DIRECT_OBJC_ISA_USAGE = YES_ERROR;
				CLANG_WARN_EMPTY_BODY = YES;
				CLANG_WARN_ENUM_CONVERSION = YES;
				CLANG_WARN_INT_CONVERSION = YES;
				CLANG_WARN_OBJC_ROOT_CLASS = YES_ERROR;
				CLANG_WARN_UNREACHABLE_CODE = YES;
				CLANG_WARN__DUPLICATE_METHOD_MATCH = YES;
				"CODE_SIGN_IDENTITY[sdk=iphoneos*]" = "iPhone Developer";
				COPY_PHASE_STRIP = NO;
				CURRENT_PROJECT_VERSION = 1;
				DEBUG_INFORMATION_FORMAT = dwarf;
				ENABLE_STRICT_OBJC_MSGSEND = YES;
				ENABLE_TESTABILITY = YES;
				GCC_C_LANGUAGE_STANDARD = gnu99;
				GCC_DYNAMIC_NO_PIC = NO;
				GCC_NO_COMMON_BLOCKS = YES;
				GCC_OPTIMIZATION_LEVEL = 0;
				GCC_PREPROCESSOR_DEFINITIONS = (
					"DEBUG=1",
					"$(inherited)",
				);
				GCC_WARN_64_TO_32_BIT_CONVERSION = YES;
				GCC_WARN_ABOUT_RETURN_TYPE = YES_ERROR;
				GCC_WARN_UNDECLARED_SELECTOR = YES;
				GCC_WARN_UNINITIALIZED_AUTOS = YES_AGGRESSIVE;
				GCC_WARN_UNUSED_FUNCTION = YES;
				GCC_WARN_UNUSED_VARIABLE = YES;
				IPHONEOS_DEPLOYMENT_TARGET = 9.2;
				MTL_ENABLE_DEBUG_INFO = YES;
				ONLY_ACTIVE_ARCH = YES;
				SDKROOT = iphoneos;
				SWIFT_OPTIMIZATION_LEVEL = "-Onone";
				TARGETED_DEVICE_FAMILY = "1,2";
				VERSIONING_SYSTEM = "apple-generic";
				VERSION_INFO_PREFIX = "";
			};
			name = Debug;
		};
		D5B2E8B21C3A780C00C0327D /* Release */ = {
			isa = XCBuildConfiguration;
			buildSettings = {
				ALWAYS_SEARCH_USER_PATHS = NO;
				CLANG_CXX_LANGUAGE_STANDARD = "gnu++0x";
				CLANG_CXX_LIBRARY = "libc++";
				CLANG_ENABLE_MODULES = YES;
				CLANG_ENABLE_OBJC_ARC = YES;
				CLANG_WARN_BOOL_CONVERSION = YES;
				CLANG_WARN_CONSTANT_CONVERSION = YES;
				CLANG_WARN_DIRECT_OBJC_ISA_USAGE = YES_ERROR;
				CLANG_WARN_EMPTY_BODY = YES;
				CLANG_WARN_ENUM_CONVERSION = YES;
				CLANG_WARN_INT_CONVERSION = YES;
				CLANG_WARN_OBJC_ROOT_CLASS = YES_ERROR;
				CLANG_WARN_UNREACHABLE_CODE = YES;
				CLANG_WARN__DUPLICATE_METHOD_MATCH = YES;
				"CODE_SIGN_IDENTITY[sdk=iphoneos*]" = "iPhone Developer";
				COPY_PHASE_STRIP = NO;
				CURRENT_PROJECT_VERSION = 1;
				DEBUG_INFORMATION_FORMAT = "dwarf-with-dsym";
				ENABLE_NS_ASSERTIONS = NO;
				ENABLE_STRICT_OBJC_MSGSEND = YES;
				GCC_C_LANGUAGE_STANDARD = gnu99;
				GCC_NO_COMMON_BLOCKS = YES;
				GCC_WARN_64_TO_32_BIT_CONVERSION = YES;
				GCC_WARN_ABOUT_RETURN_TYPE = YES_ERROR;
				GCC_WARN_UNDECLARED_SELECTOR = YES;
				GCC_WARN_UNINITIALIZED_AUTOS = YES_AGGRESSIVE;
				GCC_WARN_UNUSED_FUNCTION = YES;
				GCC_WARN_UNUSED_VARIABLE = YES;
				IPHONEOS_DEPLOYMENT_TARGET = 9.2;
				MTL_ENABLE_DEBUG_INFO = NO;
				SDKROOT = iphoneos;
				TARGETED_DEVICE_FAMILY = "1,2";
				VALIDATE_PRODUCT = YES;
				VERSIONING_SYSTEM = "apple-generic";
				VERSION_INFO_PREFIX = "";
			};
			name = Release;
		};
		D5B2E8B41C3A780C00C0327D /* Debug */ = {
			isa = XCBuildConfiguration;
			buildSettings = {
				CLANG_ALLOW_NON_MODULAR_INCLUDES_IN_FRAMEWORK_MODULES = NO;
				CLANG_ENABLE_MODULES = YES;
				DEFINES_MODULE = YES;
				DYLIB_COMPATIBILITY_VERSION = 1;
				DYLIB_CURRENT_VERSION = 1;
				DYLIB_INSTALL_NAME_BASE = "@rpath";
				FRAMEWORK_SEARCH_PATHS = (
					"$(inherited)",
					"$(PROJECT_DIR)/Carthage/Build/iOS",
				);
				INFOPLIST_FILE = "$(SRCROOT)/GithubSwift/Info-iOS.plist";
				INSTALL_PATH = "$(LOCAL_LIBRARY_DIR)/Frameworks";
				IPHONEOS_DEPLOYMENT_TARGET = 8.0;
				LD_RUNPATH_SEARCH_PATHS = "$(inherited) @executable_path/Frameworks @loader_path/Frameworks";
				PRODUCT_BUNDLE_IDENTIFIER = "com.fantageek.GithubSwift-iOS";
				PRODUCT_NAME = GithubSwift;
				SKIP_INSTALL = YES;
				SWIFT_OPTIMIZATION_LEVEL = "-Onone";
			};
			name = Debug;
		};
		D5B2E8B51C3A780C00C0327D /* Release */ = {
			isa = XCBuildConfiguration;
			buildSettings = {
				CLANG_ALLOW_NON_MODULAR_INCLUDES_IN_FRAMEWORK_MODULES = NO;
				CLANG_ENABLE_MODULES = YES;
				DEFINES_MODULE = YES;
				DYLIB_COMPATIBILITY_VERSION = 1;
				DYLIB_CURRENT_VERSION = 1;
				DYLIB_INSTALL_NAME_BASE = "@rpath";
				FRAMEWORK_SEARCH_PATHS = (
					"$(inherited)",
					"$(PROJECT_DIR)/Carthage/Build/iOS",
				);
				INFOPLIST_FILE = "$(SRCROOT)/GithubSwift/Info-iOS.plist";
				INSTALL_PATH = "$(LOCAL_LIBRARY_DIR)/Frameworks";
				IPHONEOS_DEPLOYMENT_TARGET = 8.0;
				LD_RUNPATH_SEARCH_PATHS = "$(inherited) @executable_path/Frameworks @loader_path/Frameworks";
				PRODUCT_BUNDLE_IDENTIFIER = "com.fantageek.GithubSwift-iOS";
				PRODUCT_NAME = GithubSwift;
				SKIP_INSTALL = YES;
			};
			name = Release;
		};
		D5B2E8B71C3A780C00C0327D /* Debug */ = {
			isa = XCBuildConfiguration;
			buildSettings = {
				CLANG_ENABLE_MODULES = YES;
				FRAMEWORK_SEARCH_PATHS = (
					"$(inherited)",
					"$(PROJECT_DIR)/Carthage/Build/iOS",
				);
				INFOPLIST_FILE = "$(SRCROOT)/GithubSwiftTests/Info-iOS.plist";
				LD_RUNPATH_SEARCH_PATHS = "$(inherited) @executable_path/Frameworks @loader_path/Frameworks $(FRAMEWORK_SEARCH_PATHS)";
				PRODUCT_BUNDLE_IDENTIFIER = no.hyper.GithubSwiftTests;
				PRODUCT_NAME = "$(TARGET_NAME)";
				SWIFT_OPTIMIZATION_LEVEL = "-Onone";
			};
			name = Debug;
		};
		D5B2E8B81C3A780C00C0327D /* Release */ = {
			isa = XCBuildConfiguration;
			buildSettings = {
				CLANG_ENABLE_MODULES = YES;
				FRAMEWORK_SEARCH_PATHS = (
					"$(inherited)",
					"$(PROJECT_DIR)/Carthage/Build/iOS",
				);
				INFOPLIST_FILE = "$(SRCROOT)/GithubSwiftTests/Info-iOS.plist";
				LD_RUNPATH_SEARCH_PATHS = "$(inherited) @executable_path/Frameworks @loader_path/Frameworks $(FRAMEWORK_SEARCH_PATHS)";
				PRODUCT_BUNDLE_IDENTIFIER = no.hyper.GithubSwiftTests;
				PRODUCT_NAME = "$(TARGET_NAME)";
			};
			name = Release;
		};
		D5C629521C3A7FAA007F7B7C /* Debug */ = {
			isa = XCBuildConfiguration;
			buildSettings = {
				CLANG_ALLOW_NON_MODULAR_INCLUDES_IN_FRAMEWORK_MODULES = NO;
				CLANG_ENABLE_MODULES = YES;
				CODE_SIGN_IDENTITY = "-";
				COMBINE_HIDPI_IMAGES = YES;
				DEFINES_MODULE = YES;
				DYLIB_COMPATIBILITY_VERSION = 1;
				DYLIB_CURRENT_VERSION = 1;
				DYLIB_INSTALL_NAME_BASE = "@rpath";
				FRAMEWORK_SEARCH_PATHS = (
					"$(inherited)",
					"$(PROJECT_DIR)/Carthage/Build/iOS",
					"$(PROJECT_DIR)/Carthage/Build/Mac",
				);
				FRAMEWORK_VERSION = A;
				INFOPLIST_FILE = "$(SRCROOT)/GithubSwift/Info-Mac.plist";
				INSTALL_PATH = "$(LOCAL_LIBRARY_DIR)/Frameworks";
				LD_RUNPATH_SEARCH_PATHS = "$(inherited) @executable_path/../Frameworks @loader_path/Frameworks";
				MACOSX_DEPLOYMENT_TARGET = 10.9;
				PRODUCT_BUNDLE_IDENTIFIER = "com.fantageek.GithubSwift-Mac";
				PRODUCT_NAME = GithubSwift;
				SDKROOT = macosx;
				SKIP_INSTALL = YES;
				SWIFT_OPTIMIZATION_LEVEL = "-Onone";
			};
			name = Debug;
		};
		D5C629531C3A7FAA007F7B7C /* Release */ = {
			isa = XCBuildConfiguration;
			buildSettings = {
				CLANG_ALLOW_NON_MODULAR_INCLUDES_IN_FRAMEWORK_MODULES = NO;
				CLANG_ENABLE_MODULES = YES;
				CODE_SIGN_IDENTITY = "-";
				COMBINE_HIDPI_IMAGES = YES;
				DEFINES_MODULE = YES;
				DYLIB_COMPATIBILITY_VERSION = 1;
				DYLIB_CURRENT_VERSION = 1;
				DYLIB_INSTALL_NAME_BASE = "@rpath";
				FRAMEWORK_SEARCH_PATHS = (
					"$(inherited)",
					"$(PROJECT_DIR)/Carthage/Build/iOS",
					"$(PROJECT_DIR)/Carthage/Build/Mac",
				);
				FRAMEWORK_VERSION = A;
				INFOPLIST_FILE = "$(SRCROOT)/GithubSwift/Info-Mac.plist";
				INSTALL_PATH = "$(LOCAL_LIBRARY_DIR)/Frameworks";
				LD_RUNPATH_SEARCH_PATHS = "$(inherited) @executable_path/../Frameworks @loader_path/Frameworks";
				MACOSX_DEPLOYMENT_TARGET = 10.9;
				PRODUCT_BUNDLE_IDENTIFIER = "com.fantageek.GithubSwift-Mac";
				PRODUCT_NAME = GithubSwift;
				SDKROOT = macosx;
				SKIP_INSTALL = YES;
			};
			name = Release;
		};
		D5C629551C3A7FAA007F7B7C /* Debug */ = {
			isa = XCBuildConfiguration;
			buildSettings = {
				CODE_SIGN_IDENTITY = "-";
				COMBINE_HIDPI_IMAGES = YES;
				FRAMEWORK_SEARCH_PATHS = (
					"$(inherited)",
					"$(PROJECT_DIR)/Carthage/Build/Mac",
				);
				INFOPLIST_FILE = "$(SRCROOT)/GithubSwiftTests/Info-Mac.plist";
				LD_RUNPATH_SEARCH_PATHS = "$(inherited) @executable_path/../Frameworks @loader_path/../Frameworks $(FRAMEWORK_SEARCH_PATHS)";
				MACOSX_DEPLOYMENT_TARGET = 10.11;
				PRODUCT_BUNDLE_IDENTIFIER = "no.hyper.GithubSwift-MacTests";
				PRODUCT_NAME = "$(TARGET_NAME)";
				SDKROOT = macosx;
			};
			name = Debug;
		};
		D5C629561C3A7FAA007F7B7C /* Release */ = {
			isa = XCBuildConfiguration;
			buildSettings = {
				CODE_SIGN_IDENTITY = "-";
				COMBINE_HIDPI_IMAGES = YES;
				FRAMEWORK_SEARCH_PATHS = (
					"$(inherited)",
					"$(PROJECT_DIR)/Carthage/Build/Mac",
				);
				INFOPLIST_FILE = "$(SRCROOT)/GithubSwiftTests/Info-Mac.plist";
				LD_RUNPATH_SEARCH_PATHS = "$(inherited) @executable_path/../Frameworks @loader_path/../Frameworks $(FRAMEWORK_SEARCH_PATHS)";
				MACOSX_DEPLOYMENT_TARGET = 10.11;
				PRODUCT_BUNDLE_IDENTIFIER = "no.hyper.GithubSwift-MacTests";
				PRODUCT_NAME = "$(TARGET_NAME)";
				SDKROOT = macosx;
			};
			name = Release;
		};
/* End XCBuildConfiguration section */

/* Begin XCConfigurationList section */
		D5B2E8991C3A780C00C0327D /* Build configuration list for PBXProject "GithubSwift" */ = {
			isa = XCConfigurationList;
			buildConfigurations = (
				D5B2E8B11C3A780C00C0327D /* Debug */,
				D5B2E8B21C3A780C00C0327D /* Release */,
			);
			defaultConfigurationIsVisible = 0;
			defaultConfigurationName = Release;
		};
		D5B2E8B31C3A780C00C0327D /* Build configuration list for PBXNativeTarget "GithubSwift-iOS" */ = {
			isa = XCConfigurationList;
			buildConfigurations = (
				D5B2E8B41C3A780C00C0327D /* Debug */,
				D5B2E8B51C3A780C00C0327D /* Release */,
			);
			defaultConfigurationIsVisible = 0;
			defaultConfigurationName = Release;
		};
		D5B2E8B61C3A780C00C0327D /* Build configuration list for PBXNativeTarget "GithubSwift-iOS-Tests" */ = {
			isa = XCConfigurationList;
			buildConfigurations = (
				D5B2E8B71C3A780C00C0327D /* Debug */,
				D5B2E8B81C3A780C00C0327D /* Release */,
			);
			defaultConfigurationIsVisible = 0;
			defaultConfigurationName = Release;
		};
		D5C629511C3A7FAA007F7B7C /* Build configuration list for PBXNativeTarget "GithubSwift-Mac" */ = {
			isa = XCConfigurationList;
			buildConfigurations = (
				D5C629521C3A7FAA007F7B7C /* Debug */,
				D5C629531C3A7FAA007F7B7C /* Release */,
			);
			defaultConfigurationIsVisible = 0;
			defaultConfigurationName = Release;
		};
		D5C629541C3A7FAA007F7B7C /* Build configuration list for PBXNativeTarget "GithubSwift-Mac-Tests" */ = {
			isa = XCConfigurationList;
			buildConfigurations = (
				D5C629551C3A7FAA007F7B7C /* Debug */,
				D5C629561C3A7FAA007F7B7C /* Release */,
			);
			defaultConfigurationIsVisible = 0;
			defaultConfigurationName = Release;
		};
/* End XCConfigurationList section */
	};
	rootObject = D5B2E8961C3A780C00C0327D /* Project object */;
}
